{
  "version": 4,
  "terraform_version": "1.1.9",
  "serial": 92,
  "lineage": "ceae3dd9-b152-6bb6-e7c7-8064764aeec5",
  "outputs": {},
  "resources": [
    {
      "mode": "managed",
      "type": "aws_autoscaling_group",
      "name": "scale-mgainutdinov",
      "provider": "provider[\"registry.terraform.io/hashicorp/aws\"]",
      "instances": [
        {
          "schema_version": 0,
          "attributes": {
            "arn": "arn:aws:autoscaling:us-west-2:859466819757:autoScalingGroup:e49f4a75-c141-44c5-b662-43e8d0e31389:autoScalingGroupName/scale-mgainutdinov",
            "availability_zones": [
              "us-west-2a",
              "us-west-2b",
              "us-west-2c"
            ],
            "capacity_rebalance": false,
            "default_cooldown": 300,
            "desired_capacity": 2,
            "enabled_metrics": null,
            "force_delete": false,
            "force_delete_warm_pool": false,
            "health_check_grace_period": 300,
            "health_check_type": "EC2",
            "id": "scale-mgainutdinov",
            "initial_lifecycle_hook": [],
            "instance_refresh": [],
            "launch_configuration": "",
            "launch_template": [
              {
                "id": "lt-09465e8eca634ce4e",
                "name": "mgainutdinov-template",
                "version": "$Latest"
              }
            ],
            "load_balancers": null,
            "max_instance_lifetime": 0,
            "max_size": 2,
            "metrics_granularity": "1Minute",
            "min_elb_capacity": null,
            "min_size": 2,
            "mixed_instances_policy": [],
            "name": "scale-mgainutdinov",
            "name_prefix": "",
            "placement_group": "",
            "protect_from_scale_in": false,
            "service_linked_role_arn": "arn:aws:iam::859466819757:role/aws-service-role/autoscaling.amazonaws.com/AWSServiceRoleForAutoScaling",
            "suspended_processes": null,
            "tag": [],
            "tags": null,
            "target_group_arns": [
              "arn:aws:elasticloadbalancing:us-west-2:859466819757:targetgroup/mgainutdinov-target-group/8d971c33b822a81e"
            ],
            "termination_policies": null,
            "timeouts": null,
            "vpc_zone_identifier": [
              "subnet-0553160bef4da3028",
              "subnet-0d6bc6c9193f079a3",
              "subnet-0f35d9927255de5a6"
            ],
            "wait_for_capacity_timeout": "10m",
            "wait_for_elb_capacity": null,
            "warm_pool": []
          },
          "sensitive_attributes": [],
          "private": "eyJlMmJmYjczMC1lY2FhLTExZTYtOGY4OC0zNDM2M2JjN2M0YzAiOnsiZGVsZXRlIjo2MDAwMDAwMDAwMDB9fQ==",
          "dependencies": [
            "aws_launch_template.mgainutdinov-template",
            "aws_lb_target_group.mgainutdinov-target-group",
            "aws_security_group.allow-http-ssh",
            "aws_subnet.public"
          ]
        }
      ]
    },
    {
      "mode": "managed",
      "type": "aws_default_route_table",
      "name": "route_table",
      "provider": "provider[\"registry.terraform.io/hashicorp/aws\"]",
      "instances": [
        {
          "schema_version": 0,
          "attributes": {
            "arn": "arn:aws:ec2:us-west-2:859466819757:route-table/rtb-07854da4813362f13",
            "default_route_table_id": "rtb-07854da4813362f13",
            "id": "rtb-07854da4813362f13",
            "owner_id": "859466819757",
            "propagating_vgws": [],
            "route": [
              {
                "cidr_block": "0.0.0.0/0",
                "destination_prefix_list_id": "",
                "egress_only_gateway_id": "",
                "gateway_id": "igw-0853a3962e487b69d",
                "instance_id": "",
                "ipv6_cidr_block": "",
                "nat_gateway_id": "",
                "network_interface_id": "",
                "transit_gateway_id": "",
                "vpc_endpoint_id": "",
                "vpc_peering_connection_id": ""
              }
            ],
            "tags": {
              "Name": "default route table",
              "env": "k8s"
            },
            "tags_all": {
              "Name": "default route table",
              "env": "k8s"
            },
            "timeouts": null,
            "vpc_id": "vpc-0ee76db1a47866fe0"
          },
          "sensitive_attributes": [],
          "private": "eyJlMmJmYjczMC1lY2FhLTExZTYtOGY4OC0zNDM2M2JjN2M0YzAiOnsiY3JlYXRlIjoxMjAwMDAwMDAwMDAsInVwZGF0ZSI6MTIwMDAwMDAwMDAwfX0=",
          "dependencies": [
            "aws_internet_gateway.gw",
            "aws_vpc.vpc"
          ]
        }
      ]
    },
    {
      "mode": "managed",
      "type": "aws_internet_gateway",
      "name": "gw",
      "provider": "provider[\"registry.terraform.io/hashicorp/aws\"]",
      "instances": [
        {
          "schema_version": 0,
          "attributes": {
            "arn": "arn:aws:ec2:us-west-2:859466819757:internet-gateway/igw-0853a3962e487b69d",
            "id": "igw-0853a3962e487b69d",
            "owner_id": "859466819757",
            "tags": {
              "Env": "k8s",
              "Name": "k8s_gw"
            },
            "tags_all": {
              "Env": "k8s",
              "Name": "k8s_gw"
            },
            "vpc_id": "vpc-0ee76db1a47866fe0"
          },
          "sensitive_attributes": [],
          "private": "bnVsbA==",
          "dependencies": [
            "aws_vpc.vpc"
          ]
        }
      ]
    },
    {
      "mode": "managed",
      "type": "aws_key_pair",
      "name": "mgainutdinov-keypair",
      "provider": "provider[\"registry.terraform.io/hashicorp/aws\"]",
      "instances": [
        {
          "schema_version": 1,
          "attributes": {
            "arn": "arn:aws:ec2:us-west-2:859466819757:key-pair/mgainutdinov-keypair",
            "fingerprint": "d5:c2:c8:0f:9a:4b:17:1b:4c:32:bd:59:98:6c:c0:bf",
            "id": "mgainutdinov-keypair",
            "key_name": "mgainutdinov-keypair",
            "key_name_prefix": "",
            "key_pair_id": "key-063be66fe2129be74",
            "public_key": "ssh-rsa AAAAB3NzaC1yc2EAAAADAQABAAABAQC2IBlB12yWzdoW0LHdjl97W7Me7v+aLUio7WxS2ZnK1C6gJmedRcQryK5JVZchwenErTx7AwvEvdNhCk+FGhjTBuAydlI/tPqg0N0ymueuimdky7Pbj9gIwMv7Ae2zVje0Svv0PflUUI0jvDzRZfoiq8XZ4qBhLJkMY32BLEp2GtfkAYrU8f2gn+uNMICOumEJ7q+8o8cxssn+O+/2BW7Yn2Wu9oBx94wqxnhWIxnZc6kU7Qs4vAG8FJdtNwqI9U96bmNDp+1Pnx/zUgVDo+aGuSna3FAztpzxN95/8Hydm0Ua13t0fI6nFRoFzSKNkOy8VUkRGKSdWXyVEJUgKhZR gainutdinov@atlas.ru",
            "tags": {},
            "tags_all": {}
          },
          "sensitive_attributes": [],
          "private": "eyJzY2hlbWFfdmVyc2lvbiI6IjEifQ=="
        }
      ]
    },
    {
      "mode": "managed",
      "type": "aws_launch_template",
      "name": "mgainutdinov-template",
      "provider": "provider[\"registry.terraform.io/hashicorp/aws\"]",
      "instances": [
        {
          "schema_version": 0,
          "attributes": {
            "arn": "arn:aws:ec2:us-west-2:859466819757:launch-template/lt-09465e8eca634ce4e",
            "block_device_mappings": [],
            "capacity_reservation_specification": [],
            "cpu_options": [],
            "credit_specification": [],
            "default_version": 1,
            "description": "",
            "disable_api_termination": false,
            "ebs_optimized": "",
            "elastic_gpu_specifications": [],
            "elastic_inference_accelerator": [],
            "enclave_options": [],
            "hibernation_options": [],
            "iam_instance_profile": [],
            "id": "lt-09465e8eca634ce4e",
            "image_id": "ami-0cb4e786f15603b0d",
            "instance_initiated_shutdown_behavior": "",
            "instance_market_options": [],
            "instance_type": "t2.nano",
            "kernel_id": "",
            "key_name": "mgainutdinov-keypair",
            "latest_version": 2,
            "license_specification": [],
            "metadata_options": [],
            "monitoring": [],
            "name": "mgainutdinov-template",
            "name_prefix": "",
            "network_interfaces": [
              {
                "associate_carrier_ip_address": "",
                "associate_public_ip_address": "true",
                "delete_on_termination": "",
                "description": "",
                "device_index": 0,
                "interface_type": "",
                "ipv4_address_count": 0,
                "ipv4_addresses": [],
                "ipv6_address_count": 0,
                "ipv6_addresses": [],
                "network_card_index": 0,
                "network_interface_id": "",
                "private_ip_address": "",
                "security_groups": [
                  "sg-0c66e37743f3d9e91"
                ],
                "subnet_id": ""
              }
            ],
            "placement": [],
            "ram_disk_id": "",
            "security_group_names": [],
            "tag_specifications": [],
            "tags": {},
            "tags_all": {},
            "update_default_version": null,
            "user_data": "IyEvYmluL2Jhc2gKY3VybCAtZnNTTCBodHRwczovL2dldC5kb2NrZXIuY29tIC1vIGdldC1kb2NrZXIuc2gKc3VkbyBzaCBnZXQtZG9ja2VyLnNoCgpkb2NrZXIgcnVuIC1kIC1wIDgwOjgwIG5naW54ZGVtb3MvaGVsbG86MC4yCg==",
            "vpc_security_group_ids": []
          },
          "sensitive_attributes": [],
          "private": "bnVsbA==",
          "dependencies": [
            "aws_security_group.allow-http-ssh"
          ]
        }
      ]
    },
    {
      "mode": "managed",
      "type": "aws_lb",
      "name": "mgainutdinov-elb",
      "provider": "provider[\"registry.terraform.io/hashicorp/aws\"]",
      "instances": [
        {
          "schema_version": 0,
          "attributes": {
            "access_logs": [
              {
                "bucket": "",
                "enabled": false,
                "prefix": ""
              }
            ],
            "arn": "arn:aws:elasticloadbalancing:us-west-2:859466819757:loadbalancer/app/mgainutdinov-elb/2e30b0907cd8d561",
            "arn_suffix": "app/mgainutdinov-elb/2e30b0907cd8d561",
            "customer_owned_ipv4_pool": "",
            "desync_mitigation_mode": "defensive",
            "dns_name": "mgainutdinov-elb-401172597.us-west-2.elb.amazonaws.com",
            "drop_invalid_header_fields": false,
            "enable_cross_zone_load_balancing": null,
            "enable_deletion_protection": false,
            "enable_http2": true,
            "enable_waf_fail_open": false,
            "id": "arn:aws:elasticloadbalancing:us-west-2:859466819757:loadbalancer/app/mgainutdinov-elb/2e30b0907cd8d561",
            "idle_timeout": 60,
            "internal": false,
            "ip_address_type": "ipv4",
            "load_balancer_type": "application",
            "name": "mgainutdinov-elb",
            "name_prefix": null,
            "security_groups": [
              "sg-0c66e37743f3d9e91"
            ],
            "subnet_mapping": [
              {
                "allocation_id": "",
                "ipv6_address": "",
                "outpost_id": "",
                "private_ipv4_address": "",
                "subnet_id": "subnet-0553160bef4da3028"
              },
              {
                "allocation_id": "",
                "ipv6_address": "",
                "outpost_id": "",
                "private_ipv4_address": "",
                "subnet_id": "subnet-0d6bc6c9193f079a3"
              },
              {
                "allocation_id": "",
                "ipv6_address": "",
                "outpost_id": "",
                "private_ipv4_address": "",
                "subnet_id": "subnet-0f35d9927255de5a6"
              }
            ],
            "subnets": [
              "subnet-0553160bef4da3028",
              "subnet-0d6bc6c9193f079a3",
              "subnet-0f35d9927255de5a6"
            ],
            "tags": {},
            "tags_all": {},
            "timeouts": null,
            "vpc_id": "vpc-0ee76db1a47866fe0",
            "zone_id": "Z1H1FL5HABSF5"
          },
          "sensitive_attributes": [],
          "private": "eyJlMmJmYjczMC1lY2FhLTExZTYtOGY4OC0zNDM2M2JjN2M0YzAiOnsiY3JlYXRlIjo2MDAwMDAwMDAwMDAsImRlbGV0ZSI6NjAwMDAwMDAwMDAwLCJ1cGRhdGUiOjYwMDAwMDAwMDAwMH19",
          "dependencies": [
            "aws_security_group.allow-http-ssh",
            "aws_subnet.public",
            "aws_vpc.vpc"
          ]
        }
      ]
    },
    {
      "mode": "managed",
      "type": "aws_lb_listener",
      "name": "mgainutdinov_elb_listener",
      "provider": "provider[\"registry.terraform.io/hashicorp/aws\"]",
      "instances": [
        {
          "schema_version": 0,
          "attributes": {
            "alpn_policy": null,
            "arn": "arn:aws:elasticloadbalancing:us-west-2:859466819757:listener/app/mgainutdinov-elb/2e30b0907cd8d561/266db9a1fc4a4e5c",
            "certificate_arn": null,
            "default_action": [
              {
                "authenticate_cognito": [],
                "authenticate_oidc": [],
                "fixed_response": [],
                "forward": [],
                "order": 1,
                "redirect": [],
                "target_group_arn": "arn:aws:elasticloadbalancing:us-west-2:859466819757:targetgroup/mgainutdinov-target-group/8d971c33b822a81e",
                "type": "forward"
              }
            ],
            "id": "arn:aws:elasticloadbalancing:us-west-2:859466819757:listener/app/mgainutdinov-elb/2e30b0907cd8d561/266db9a1fc4a4e5c",
            "load_balancer_arn": "arn:aws:elasticloadbalancing:us-west-2:859466819757:loadbalancer/app/mgainutdinov-elb/2e30b0907cd8d561",
            "port": 80,
            "protocol": "HTTP",
            "ssl_policy": "",
            "tags": {},
            "tags_all": {},
            "timeouts": null
          },
          "sensitive_attributes": [],
          "private": "eyJlMmJmYjczMC1lY2FhLTExZTYtOGY4OC0zNDM2M2JjN2M0YzAiOnsicmVhZCI6NjAwMDAwMDAwMDAwfX0=",
          "dependencies": [
            "aws_lb.mgainutdinov-elb",
            "aws_lb_target_group.mgainutdinov-target-group",
            "aws_security_group.allow-http-ssh",
            "aws_subnet.public",
            "aws_vpc.vpc"
          ]
        }
      ]
    },
    {
      "mode": "managed",
      "type": "aws_lb_target_group",
      "name": "mgainutdinov-target-group",
      "provider": "provider[\"registry.terraform.io/hashicorp/aws\"]",
      "instances": [
        {
          "schema_version": 0,
          "attributes": {
            "arn": "arn:aws:elasticloadbalancing:us-west-2:859466819757:targetgroup/mgainutdinov-target-group/8d971c33b822a81e",
            "arn_suffix": "targetgroup/mgainutdinov-target-group/8d971c33b822a81e",
            "connection_termination": false,
            "deregistration_delay": "300",
            "health_check": [
              {
                "enabled": true,
                "healthy_threshold": 5,
                "interval": 30,
                "matcher": "200",
                "path": "/",
                "port": "traffic-port",
                "protocol": "HTTP",
                "timeout": 5,
                "unhealthy_threshold": 2
              }
            ],
            "id": "arn:aws:elasticloadbalancing:us-west-2:859466819757:targetgroup/mgainutdinov-target-group/8d971c33b822a81e",
            "lambda_multi_value_headers_enabled": false,
            "load_balancing_algorithm_type": "round_robin",
            "name": "mgainutdinov-target-group",
            "name_prefix": null,
            "port": 80,
            "preserve_client_ip": null,
            "protocol": "HTTP",
            "protocol_version": "HTTP1",
            "proxy_protocol_v2": false,
            "slow_start": 0,
            "stickiness": [
              {
                "cookie_duration": 86400,
                "cookie_name": "",
                "enabled": false,
                "type": "lb_cookie"
              }
            ],
            "tags": {},
            "tags_all": {},
            "target_type": "instance",
            "vpc_id": "vpc-0ee76db1a47866fe0"
          },
          "sensitive_attributes": [],
          "private": "bnVsbA==",
          "dependencies": [
            "aws_vpc.vpc"
          ]
        }
      ]
    },
    {
      "mode": "managed",
      "type": "aws_security_group",
      "name": "allow-http-ssh",
      "provider": "provider[\"registry.terraform.io/hashicorp/aws\"]",
      "instances": [
        {
          "schema_version": 1,
          "attributes": {
            "arn": "arn:aws:ec2:us-west-2:859466819757:security-group/sg-0c66e37743f3d9e91",
            "description": "SSH and HTTP allow",
            "egress": [
              {
                "cidr_blocks": [
                  "0.0.0.0/0"
                ],
                "description": "",
                "from_port": 0,
                "ipv6_cidr_blocks": [],
                "prefix_list_ids": [],
                "protocol": "-1",
                "security_groups": [],
                "self": false,
                "to_port": 0
              }
            ],
            "id": "sg-0c66e37743f3d9e91",
            "ingress": [
              {
                "cidr_blocks": [
                  "0.0.0.0/0"
                ],
                "description": "",
                "from_port": 22,
                "ipv6_cidr_blocks": [],
                "prefix_list_ids": [],
                "protocol": "tcp",
                "security_groups": [],
                "self": false,
                "to_port": 22
              },
              {
                "cidr_blocks": [
                  "0.0.0.0/0"
                ],
                "description": "",
                "from_port": 80,
                "ipv6_cidr_blocks": [],
                "prefix_list_ids": [],
                "protocol": "tcp",
                "security_groups": [],
                "self": false,
                "to_port": 80
              }
            ],
            "name": "terraform-20220521124650569700000001",
            "name_prefix": "terraform-",
            "owner_id": "859466819757",
            "revoke_rules_on_delete": false,
            "tags": {},
            "tags_all": {},
            "timeouts": null,
            "vpc_id": "vpc-0ee76db1a47866fe0"
          },
          "sensitive_attributes": [],
          "private": "eyJlMmJmYjczMC1lY2FhLTExZTYtOGY4OC0zNDM2M2JjN2M0YzAiOnsiY3JlYXRlIjo2MDAwMDAwMDAwMDAsImRlbGV0ZSI6OTAwMDAwMDAwMDAwfSwic2NoZW1hX3ZlcnNpb24iOiIxIn0=",
          "dependencies": [
            "aws_vpc.vpc"
          ]
        }
      ]
    },
    {
      "mode": "managed",
      "type": "aws_subnet",
      "name": "public",
      "provider": "provider[\"registry.terraform.io/hashicorp/aws\"]",
      "instances": [
        {
          "index_key": "us-west-2a",
          "schema_version": 1,
          "attributes": {
            "arn": "arn:aws:ec2:us-west-2:859466819757:subnet/subnet-0d6bc6c9193f079a3",
            "assign_ipv6_address_on_creation": false,
            "availability_zone": "us-west-2a",
            "availability_zone_id": "usw2-az2",
            "cidr_block": "10.11.1.0/24",
            "customer_owned_ipv4_pool": "",
            "enable_dns64": false,
            "enable_resource_name_dns_a_record_on_launch": false,
            "enable_resource_name_dns_aaaa_record_on_launch": false,
            "id": "subnet-0d6bc6c9193f079a3",
            "ipv6_cidr_block": "",
            "ipv6_cidr_block_association_id": "",
            "ipv6_native": false,
            "map_customer_owned_ip_on_launch": false,
            "map_public_ip_on_launch": false,
            "outpost_arn": "",
            "owner_id": "859466819757",
            "private_dns_hostname_type_on_launch": "ip-name",
            "tags": {
              "ManagedBy": "terraform",
              "Name": "cloudcasts-1-public-subnet",
              "Project": "cloudcasts.io",
              "Role": "public",
              "Subnet": "us-west-2a-1"
            },
            "tags_all": {
              "ManagedBy": "terraform",
              "Name": "cloudcasts-1-public-subnet",
              "Project": "cloudcasts.io",
              "Role": "public",
              "Subnet": "us-west-2a-1"
            },
            "timeouts": null,
            "vpc_id": "vpc-0ee76db1a47866fe0"
          },
          "sensitive_attributes": [],
          "private": "eyJlMmJmYjczMC1lY2FhLTExZTYtOGY4OC0zNDM2M2JjN2M0YzAiOnsiY3JlYXRlIjo2MDAwMDAwMDAwMDAsImRlbGV0ZSI6MTIwMDAwMDAwMDAwMH0sInNjaGVtYV92ZXJzaW9uIjoiMSJ9",
          "dependencies": [
            "aws_vpc.vpc"
          ]
        },
        {
          "index_key": "us-west-2b",
          "schema_version": 1,
          "attributes": {
            "arn": "arn:aws:ec2:us-west-2:859466819757:subnet/subnet-0f35d9927255de5a6",
            "assign_ipv6_address_on_creation": false,
            "availability_zone": "us-west-2b",
            "availability_zone_id": "usw2-az1",
            "cidr_block": "10.11.2.0/24",
            "customer_owned_ipv4_pool": "",
            "enable_dns64": false,
            "enable_resource_name_dns_a_record_on_launch": false,
            "enable_resource_name_dns_aaaa_record_on_launch": false,
            "id": "subnet-0f35d9927255de5a6",
            "ipv6_cidr_block": "",
            "ipv6_cidr_block_association_id": "",
            "ipv6_native": false,
            "map_customer_owned_ip_on_launch": false,
            "map_public_ip_on_launch": false,
            "outpost_arn": "",
            "owner_id": "859466819757",
            "private_dns_hostname_type_on_launch": "ip-name",
            "tags": {
              "ManagedBy": "terraform",
              "Name": "cloudcasts-2-public-subnet",
              "Project": "cloudcasts.io",
              "Role": "public",
              "Subnet": "us-west-2b-2"
            },
            "tags_all": {
              "ManagedBy": "terraform",
              "Name": "cloudcasts-2-public-subnet",
              "Project": "cloudcasts.io",
              "Role": "public",
              "Subnet": "us-west-2b-2"
            },
            "timeouts": null,
            "vpc_id": "vpc-0ee76db1a47866fe0"
          },
          "sensitive_attributes": [],
          "private": "eyJlMmJmYjczMC1lY2FhLTExZTYtOGY4OC0zNDM2M2JjN2M0YzAiOnsiY3JlYXRlIjo2MDAwMDAwMDAwMDAsImRlbGV0ZSI6MTIwMDAwMDAwMDAwMH0sInNjaGVtYV92ZXJzaW9uIjoiMSJ9",
          "dependencies": [
            "aws_vpc.vpc"
          ]
        },
        {
          "index_key": "us-west-2c",
          "schema_version": 1,
          "attributes": {
            "arn": "arn:aws:ec2:us-west-2:859466819757:subnet/subnet-0553160bef4da3028",
            "assign_ipv6_address_on_creation": false,
            "availability_zone": "us-west-2c",
            "availability_zone_id": "usw2-az3",
            "cidr_block": "10.11.3.0/24",
            "customer_owned_ipv4_pool": "",
            "enable_dns64": false,
            "enable_resource_name_dns_a_record_on_launch": false,
            "enable_resource_name_dns_aaaa_record_on_launch": false,
            "id": "subnet-0553160bef4da3028",
            "ipv6_cidr_block": "",
            "ipv6_cidr_block_association_id": "",
            "ipv6_native": false,
            "map_customer_owned_ip_on_launch": false,
            "map_public_ip_on_launch": false,
            "outpost_arn": "",
            "owner_id": "859466819757",
            "private_dns_hostname_type_on_launch": "ip-name",
            "tags": {
              "ManagedBy": "terraform",
              "Name": "cloudcasts-3-public-subnet",
              "Project": "cloudcasts.io",
              "Role": "public",
              "Subnet": "us-west-2c-3"
            },
            "tags_all": {
              "ManagedBy": "terraform",
              "Name": "cloudcasts-3-public-subnet",
              "Project": "cloudcasts.io",
              "Role": "public",
              "Subnet": "us-west-2c-3"
            },
            "timeouts": null,
            "vpc_id": "vpc-0ee76db1a47866fe0"
          },
          "sensitive_attributes": [],
          "private": "eyJlMmJmYjczMC1lY2FhLTExZTYtOGY4OC0zNDM2M2JjN2M0YzAiOnsiY3JlYXRlIjo2MDAwMDAwMDAwMDAsImRlbGV0ZSI6MTIwMDAwMDAwMDAwMH0sInNjaGVtYV92ZXJzaW9uIjoiMSJ9",
          "dependencies": [
            "aws_vpc.vpc"
          ]
        }
      ]
    },
    {
      "mode": "managed",
      "type": "aws_vpc",
      "name": "vpc",
      "provider": "provider[\"registry.terraform.io/hashicorp/aws\"]",
      "instances": [
        {
          "schema_version": 1,
          "attributes": {
            "arn": "arn:aws:ec2:us-west-2:859466819757:vpc/vpc-0ee76db1a47866fe0",
            "assign_generated_ipv6_cidr_block": false,
            "cidr_block": "10.11.0.0/16",
            "default_network_acl_id": "acl-0ce2da9707fb34502",
            "default_route_table_id": "rtb-07854da4813362f13",
            "default_security_group_id": "sg-08a28055b0493ceba",
            "dhcp_options_id": "dopt-01c470c960c1234fc",
            "enable_classiclink": false,
            "enable_classiclink_dns_support": false,
            "enable_dns_hostnames": false,
            "enable_dns_support": true,
            "id": "vpc-0ee76db1a47866fe0",
            "instance_tenancy": "default",
            "ipv4_ipam_pool_id": null,
            "ipv4_netmask_length": null,
            "ipv6_association_id": "",
            "ipv6_cidr_block": "",
            "ipv6_cidr_block_network_border_group": "",
            "ipv6_ipam_pool_id": "",
            "ipv6_netmask_length": 0,
            "main_route_table_id": "rtb-07854da4813362f13",
            "owner_id": "859466819757",
            "tags": {
              "Env": "k8s",
              "Name": "k8s_vpc"
            },
            "tags_all": {
              "Env": "k8s",
              "Name": "k8s_vpc"
            }
          },
          "sensitive_attributes": [],
          "private": "eyJzY2hlbWFfdmVyc2lvbiI6IjEifQ=="
        }
      ]
    }
  ]
}
