{
  "version": 4,
  "terraform_version": "0.14.6",
  "serial": 43,
  "lineage": "1c3be9a7-d546-cd88-98ec-dbe9ab397565",
  "outputs": {
    "instance_ip_addr": {
      "value": [
        "159.89.29.180",
        "68.183.68.254"
      ],
      "type": [
        "tuple",
        [
          "string",
          "string"
        ]
      ]
    }
  },
  "resources": [
    {
      "mode": "data",
      "type": "digitalocean_ssh_key",
      "name": "mentorsKey",
      "provider": "provider[\"registry.terraform.io/digitalocean/digitalocean\"]",
      "instances": [
        {
          "schema_version": 0,
          "attributes": {
            "fingerprint": "95:23:66:57:56:2e:5a:47:85:fb:86:73:ca:b5:90:e7",
            "id": 32213896,
            "name": "REBRAIN.SSH.PUB.KEY",
            "public_key": "ssh-rsa AAAAB3NzaC1yc2EAAAADAQABAAABAQDNm4pL78YE6j9FTD6lGPzGIXl94q2118orskmYoSfr5qzZspXhhLlMu2Y9R20/8KVns1T8j9Q/fb9X33MtjuPRoNmz5LPIqoIYblbujdFqt+5vpz2YbfHPEBC5GrN2XHw4wFzyXCki5DaYC6Ktj2brJGUJomrIc2hwzK+wV2ncGLZv73E1+sDUdGuuLFeU60lvrK6fp03KN3Dyouc61RDPmG81omA5obcf4jBdA6FjoOpVq64XYqR0kzUhM2DXKsnagfkV9oFBfDdz3U+JZRz7ubR4iPtojq5LyQE8Ah3q2CDPxrEBKkJbglRoPBRQ0NGtyNH83HfIPZctkLMx8ja3"
          },
          "sensitive_attributes": []
        }
      ]
    },
    {
      "mode": "data",
      "type": "digitalocean_ssh_key",
      "name": "mysshKey",
      "provider": "provider[\"registry.terraform.io/digitalocean/digitalocean\"]",
      "instances": [
        {
          "schema_version": 0,
          "attributes": {
            "fingerprint": "c5:25:8e:3c:d7:85:b6:d3:a4:c3:cf:aa:44:22:c0:9b",
            "id": 33175905,
            "name": "mgainutdinov",
            "public_key": "ssh-rsa AAAAB3NzaC1yc2EAAAADAQABAAABAQC2IBlB12yWzdoW0LHdjl97W7Me7v+aLUio7WxS2ZnK1C6gJmedRcQryK5JVZchwenErTx7AwvEvdNhCk+FGhjTBuAydlI/tPqg0N0ymueuimdky7Pbj9gIwMv7Ae2zVje0Svv0PflUUI0jvDzRZfoiq8XZ4qBhLJkMY32BLEp2GtfkAYrU8f2gn+uNMICOumEJ7q+8o8cxssn+O+/2BW7Yn2Wu9oBx94wqxnhWIxnZc6kU7Qs4vAG8FJdtNwqI9U96bmNDp+1Pnx/zUgVDo+aGuSna3FAztpzxN95/8Hydm0Ua13t0fI6nFRoFzSKNkOy8VUkRGKSdWXyVEJUgKhZR mgaynutdinov@mgaynutidnov-pc\n"
          },
          "sensitive_attributes": []
        }
      ]
    },
    {
      "mode": "managed",
      "type": "digitalocean_droplet",
      "name": "web",
      "provider": "provider[\"registry.terraform.io/digitalocean/digitalocean\"]",
      "instances": [
        {
          "index_key": 0,
          "schema_version": 1,
          "attributes": {
            "backups": false,
            "created_at": "2022-02-14T12:23:57Z",
            "disk": 80,
            "droplet_agent": null,
            "graceful_shutdown": false,
            "id": "286646424",
            "image": "ubuntu-18-04-x64",
            "ipv4_address": "159.89.29.180",
            "ipv4_address_private": "10.135.0.9",
            "ipv6": false,
            "ipv6_address": "",
            "locked": false,
            "memory": 4096,
            "monitoring": false,
            "name": "LNXA0906-0",
            "price_hourly": 0.02976,
            "price_monthly": 20,
            "private_networking": true,
            "region": "fra1",
            "resize_disk": true,
            "size": "s-2vcpu-4gb",
            "ssh_keys": [
              "32213896",
              "33175905"
            ],
            "status": "active",
            "tags": [
              "linux",
              "m_gaynutdinov_at_mail_ru"
            ],
            "urn": "do:droplet:286646424",
            "user_data": null,
            "vcpus": 2,
            "volume_ids": [],
            "vpc_uuid": "e40e6761-b906-44de-8749-3535d086fcc7"
          },
          "sensitive_attributes": [],
          "private": "eyJzY2hlbWFfdmVyc2lvbiI6IjEifQ==",
          "dependencies": [
            "data.digitalocean_ssh_key.mentorsKey",
            "data.digitalocean_ssh_key.mysshKey"
          ]
        },
        {
          "index_key": 1,
          "schema_version": 1,
          "attributes": {
            "backups": false,
            "created_at": "2022-02-14T12:23:57Z",
            "disk": 80,
            "droplet_agent": null,
            "graceful_shutdown": false,
            "id": "286646425",
            "image": "ubuntu-18-04-x64",
            "ipv4_address": "68.183.68.254",
            "ipv4_address_private": "10.135.0.28",
            "ipv6": false,
            "ipv6_address": "",
            "locked": false,
            "memory": 4096,
            "monitoring": false,
            "name": "LNXA0906-1",
            "price_hourly": 0.02976,
            "price_monthly": 20,
            "private_networking": true,
            "region": "fra1",
            "resize_disk": true,
            "size": "s-2vcpu-4gb",
            "ssh_keys": [
              "32213896",
              "33175905"
            ],
            "status": "active",
            "tags": [
              "linux",
              "m_gaynutdinov_at_mail_ru"
            ],
            "urn": "do:droplet:286646425",
            "user_data": null,
            "vcpus": 2,
            "volume_ids": [],
            "vpc_uuid": "e40e6761-b906-44de-8749-3535d086fcc7"
          },
          "sensitive_attributes": [],
          "private": "eyJzY2hlbWFfdmVyc2lvbiI6IjEifQ==",
          "dependencies": [
            "data.digitalocean_ssh_key.mentorsKey",
            "data.digitalocean_ssh_key.mysshKey"
          ]
        }
      ]
    },
    {
      "mode": "managed",
      "type": "digitalocean_volume",
      "name": "disk1",
      "provider": "provider[\"registry.terraform.io/digitalocean/digitalocean\"]",
      "instances": [
        {
          "schema_version": 0,
          "attributes": {
            "description": "an example volume1",
            "droplet_ids": [],
            "filesystem_label": null,
            "filesystem_type": "ext4",
            "id": "faf588e0-8d90-11ec-be00-0a58ac14d359",
            "initial_filesystem_label": null,
            "initial_filesystem_type": "ext4",
            "name": "disk1",
            "region": "fra1",
            "size": 20,
            "snapshot_id": null,
            "tags": null,
            "urn": "do:volume:faf588e0-8d90-11ec-be00-0a58ac14d359"
          },
          "sensitive_attributes": [],
          "private": "bnVsbA=="
        }
      ]
    },
    {
      "mode": "managed",
      "type": "digitalocean_volume",
      "name": "disk2",
      "provider": "provider[\"registry.terraform.io/digitalocean/digitalocean\"]",
      "instances": [
        {
          "schema_version": 0,
          "attributes": {
            "description": "an example volume2",
            "droplet_ids": [],
            "filesystem_label": null,
            "filesystem_type": "ext4",
            "id": "fafbe0d3-8d90-11ec-bf82-0a58ac14d250",
            "initial_filesystem_label": null,
            "initial_filesystem_type": "ext4",
            "name": "disk2",
            "region": "fra1",
            "size": 20,
            "snapshot_id": null,
            "tags": null,
            "urn": "do:volume:fafbe0d3-8d90-11ec-bf82-0a58ac14d250"
          },
          "sensitive_attributes": [],
          "private": "bnVsbA=="
        }
      ]
    },
    {
      "mode": "managed",
      "type": "digitalocean_volume",
      "name": "disk3",
      "provider": "provider[\"registry.terraform.io/digitalocean/digitalocean\"]",
      "instances": [
        {
          "schema_version": 0,
          "attributes": {
            "description": "an example volume3",
            "droplet_ids": [],
            "filesystem_label": null,
            "filesystem_type": "ext4",
            "id": "faf885db-8d90-11ec-ba5f-0a58ac14d102",
            "initial_filesystem_label": null,
            "initial_filesystem_type": "ext4",
            "name": "disk3",
            "region": "fra1",
            "size": 20,
            "snapshot_id": null,
            "tags": null,
            "urn": "do:volume:faf885db-8d90-11ec-ba5f-0a58ac14d102"
          },
          "sensitive_attributes": [],
          "private": "bnVsbA=="
        }
      ]
    },
    {
      "mode": "managed",
      "type": "digitalocean_volume",
      "name": "disk4",
      "provider": "provider[\"registry.terraform.io/digitalocean/digitalocean\"]",
      "instances": [
        {
          "schema_version": 0,
          "attributes": {
            "description": "an example volume4",
            "droplet_ids": [],
            "filesystem_label": null,
            "filesystem_type": "ext4",
            "id": "faf6797d-8d90-11ec-af40-0a58ac14d1d0",
            "initial_filesystem_label": null,
            "initial_filesystem_type": "ext4",
            "name": "disk4",
            "region": "fra1",
            "size": 20,
            "snapshot_id": null,
            "tags": null,
            "urn": "do:volume:faf6797d-8d90-11ec-af40-0a58ac14d1d0"
          },
          "sensitive_attributes": [],
          "private": "bnVsbA=="
        }
      ]
    },
    {
      "mode": "managed",
      "type": "digitalocean_volume_attachment",
      "name": "disksattach1",
      "provider": "provider[\"registry.terraform.io/digitalocean/digitalocean\"]",
      "instances": [
        {
          "schema_version": 0,
          "attributes": {
            "droplet_id": 286646424,
            "id": "286646424-faf588e0-8d90-11ec-be00-0a58ac14d359-20220214122503877500000004",
            "volume_id": "faf588e0-8d90-11ec-be00-0a58ac14d359"
          },
          "sensitive_attributes": [],
          "private": "bnVsbA==",
          "dependencies": [
            "data.digitalocean_ssh_key.mentorsKey",
            "data.digitalocean_ssh_key.mysshKey",
            "digitalocean_droplet.web",
            "digitalocean_volume.disk1"
          ]
        }
      ]
    },
    {
      "mode": "managed",
      "type": "digitalocean_volume_attachment",
      "name": "disksattach2",
      "provider": "provider[\"registry.terraform.io/digitalocean/digitalocean\"]",
      "instances": [
        {
          "schema_version": 0,
          "attributes": {
            "droplet_id": 286646424,
            "id": "286646424-fafbe0d3-8d90-11ec-bf82-0a58ac14d250-20220214122503757500000003",
            "volume_id": "fafbe0d3-8d90-11ec-bf82-0a58ac14d250"
          },
          "sensitive_attributes": [],
          "private": "bnVsbA==",
          "dependencies": [
            "data.digitalocean_ssh_key.mentorsKey",
            "data.digitalocean_ssh_key.mysshKey",
            "digitalocean_droplet.web",
            "digitalocean_volume.disk2"
          ]
        }
      ]
    },
    {
      "mode": "managed",
      "type": "digitalocean_volume_attachment",
      "name": "disksattach3",
      "provider": "provider[\"registry.terraform.io/digitalocean/digitalocean\"]",
      "instances": [
        {
          "schema_version": 0,
          "attributes": {
            "droplet_id": 286646425,
            "id": "286646425-faf885db-8d90-11ec-ba5f-0a58ac14d102-20220214122503237700000001",
            "volume_id": "faf885db-8d90-11ec-ba5f-0a58ac14d102"
          },
          "sensitive_attributes": [],
          "private": "bnVsbA==",
          "dependencies": [
            "data.digitalocean_ssh_key.mentorsKey",
            "data.digitalocean_ssh_key.mysshKey",
            "digitalocean_droplet.web",
            "digitalocean_volume.disk3"
          ]
        }
      ]
    },
    {
      "mode": "managed",
      "type": "digitalocean_volume_attachment",
      "name": "disksattach4",
      "provider": "provider[\"registry.terraform.io/digitalocean/digitalocean\"]",
      "instances": [
        {
          "schema_version": 0,
          "attributes": {
            "droplet_id": 286646425,
            "id": "286646425-faf6797d-8d90-11ec-af40-0a58ac14d1d0-20220214122503382800000002",
            "volume_id": "faf6797d-8d90-11ec-af40-0a58ac14d1d0"
          },
          "sensitive_attributes": [],
          "private": "bnVsbA==",
          "dependencies": [
            "data.digitalocean_ssh_key.mentorsKey",
            "data.digitalocean_ssh_key.mysshKey",
            "digitalocean_droplet.web",
            "digitalocean_volume.disk4"
          ]
        }
      ]
    }
  ]
}
