{
  "version": 4,
  "terraform_version": "1.1.9",
  "serial": 149,
  "lineage": "e0eb8000-c0cd-fa94-014b-95546413080b",
  "outputs": {},
  "resources": [
    {
      "mode": "managed",
      "type": "aws_default_route_table",
      "name": "route_table",
      "provider": "provider[\"registry.terraform.io/hashicorp/aws\"]",
      "instances": [
        {
          "schema_version": 0,
          "attributes": {
            "arn": "arn:aws:ec2:us-west-2:809411733541:route-table/rtb-0c8c7eedc987f3f4d",
            "default_route_table_id": "rtb-0c8c7eedc987f3f4d",
            "id": "rtb-0c8c7eedc987f3f4d",
            "owner_id": "809411733541",
            "propagating_vgws": [],
            "route": [
              {
                "cidr_block": "0.0.0.0/0",
                "destination_prefix_list_id": "",
                "egress_only_gateway_id": "",
                "gateway_id": "igw-0482f51449b51ee09",
                "instance_id": "",
                "ipv6_cidr_block": "",
                "nat_gateway_id": "",
                "network_interface_id": "",
                "transit_gateway_id": "",
                "vpc_endpoint_id": "",
                "vpc_peering_connection_id": ""
              }
            ],
            "tags": {
              "Name": "default route table",
              "env": "elastic"
            },
            "tags_all": {
              "Name": "default route table",
              "env": "elastic"
            },
            "timeouts": null,
            "vpc_id": "vpc-04e37d00911538062"
          },
          "sensitive_attributes": [],
          "private": "eyJlMmJmYjczMC1lY2FhLTExZTYtOGY4OC0zNDM2M2JjN2M0YzAiOnsiY3JlYXRlIjoxMjAwMDAwMDAwMDAsInVwZGF0ZSI6MTIwMDAwMDAwMDAwfX0=",
          "dependencies": [
            "aws_internet_gateway.gw",
            "aws_vpc.vpc"
          ]
        }
      ]
    },
    {
      "mode": "managed",
      "type": "aws_internet_gateway",
      "name": "gw",
      "provider": "provider[\"registry.terraform.io/hashicorp/aws\"]",
      "instances": [
        {
          "schema_version": 0,
          "attributes": {
            "arn": "arn:aws:ec2:us-west-2:809411733541:internet-gateway/igw-0482f51449b51ee09",
            "id": "igw-0482f51449b51ee09",
            "owner_id": "809411733541",
            "tags": {
              "Env": "elastic",
              "Name": "elastic_gw"
            },
            "tags_all": {
              "Env": "elastic",
              "Name": "elastic_gw"
            },
            "vpc_id": "vpc-04e37d00911538062"
          },
          "sensitive_attributes": [],
          "private": "bnVsbA==",
          "dependencies": [
            "aws_vpc.vpc"
          ]
        }
      ]
    },
    {
      "mode": "managed",
      "type": "aws_key_pair",
      "name": "mykey",
      "provider": "provider[\"registry.terraform.io/hashicorp/aws\"]",
      "instances": [
        {
          "schema_version": 1,
          "attributes": {
            "arn": "arn:aws:ec2:us-west-2:809411733541:key-pair/mykey",
            "fingerprint": "d5:c2:c8:0f:9a:4b:17:1b:4c:32:bd:59:98:6c:c0:bf",
            "id": "mykey",
            "key_name": "mykey",
            "key_name_prefix": "",
            "key_pair_id": "key-0b5a327aaae7c913d",
            "public_key": "ssh-rsa AAAAB3NzaC1yc2EAAAADAQABAAABAQC2IBlB12yWzdoW0LHdjl97W7Me7v+aLUio7WxS2ZnK1C6gJmedRcQryK5JVZchwenErTx7AwvEvdNhCk+FGhjTBuAydlI/tPqg0N0ymueuimdky7Pbj9gIwMv7Ae2zVje0Svv0PflUUI0jvDzRZfoiq8XZ4qBhLJkMY32BLEp2GtfkAYrU8f2gn+uNMICOumEJ7q+8o8cxssn+O+/2BW7Yn2Wu9oBx94wqxnhWIxnZc6kU7Qs4vAG8FJdtNwqI9U96bmNDp+1Pnx/zUgVDo+aGuSna3FAztpzxN95/8Hydm0Ua13t0fI6nFRoFzSKNkOy8VUkRGKSdWXyVEJUgKhZR gainutdinov@atlas.ru",
            "tags": {},
            "tags_all": {}
          },
          "sensitive_attributes": [],
          "private": "eyJzY2hlbWFfdmVyc2lvbiI6IjEifQ=="
        }
      ]
    },
    {
      "mode": "managed",
      "type": "aws_security_group",
      "name": "mysecgroup",
      "provider": "provider[\"registry.terraform.io/hashicorp/aws\"]",
      "instances": [
        {
          "schema_version": 1,
          "attributes": {
            "arn": "arn:aws:ec2:us-west-2:809411733541:security-group/sg-0974b2a6844321885",
            "description": "Managed by Terraform",
            "egress": [
              {
                "cidr_blocks": [
                  "0.0.0.0/0"
                ],
                "description": "",
                "from_port": 0,
                "ipv6_cidr_blocks": [],
                "prefix_list_ids": [],
                "protocol": "-1",
                "security_groups": [],
                "self": false,
                "to_port": 0
              }
            ],
            "id": "sg-0974b2a6844321885",
            "ingress": [
              {
                "cidr_blocks": [
                  "0.0.0.0/0"
                ],
                "description": "",
                "from_port": 22,
                "ipv6_cidr_blocks": [],
                "prefix_list_ids": [],
                "protocol": "tcp",
                "security_groups": [],
                "self": false,
                "to_port": 22
              },
              {
                "cidr_blocks": [
                  "0.0.0.0/0"
                ],
                "description": "",
                "from_port": 5601,
                "ipv6_cidr_blocks": [],
                "prefix_list_ids": [],
                "protocol": "tcp",
                "security_groups": [],
                "self": false,
                "to_port": 5601
              },
              {
                "cidr_blocks": [
                  "0.0.0.0/0"
                ],
                "description": "",
                "from_port": 80,
                "ipv6_cidr_blocks": [],
                "prefix_list_ids": [],
                "protocol": "tcp",
                "security_groups": [],
                "self": false,
                "to_port": 80
              },
              {
                "cidr_blocks": [
                  "0.0.0.0/0"
                ],
                "description": "",
                "from_port": 9200,
                "ipv6_cidr_blocks": [],
                "prefix_list_ids": [],
                "protocol": "tcp",
                "security_groups": [],
                "self": false,
                "to_port": 9200
              }
            ],
            "name": "terraform-20220423185332700600000001",
            "name_prefix": "terraform-",
            "owner_id": "809411733541",
            "revoke_rules_on_delete": false,
            "tags": {},
            "tags_all": {},
            "timeouts": null,
            "vpc_id": "vpc-04e37d00911538062"
          },
          "sensitive_attributes": [],
          "private": "eyJlMmJmYjczMC1lY2FhLTExZTYtOGY4OC0zNDM2M2JjN2M0YzAiOnsiY3JlYXRlIjo2MDAwMDAwMDAwMDAsImRlbGV0ZSI6OTAwMDAwMDAwMDAwfSwic2NoZW1hX3ZlcnNpb24iOiIxIn0=",
          "dependencies": [
            "aws_vpc.vpc"
          ]
        }
      ]
    },
    {
      "mode": "managed",
      "type": "aws_subnet",
      "name": "subnet",
      "provider": "provider[\"registry.terraform.io/hashicorp/aws\"]",
      "instances": [
        {
          "schema_version": 1,
          "attributes": {
            "arn": "arn:aws:ec2:us-west-2:809411733541:subnet/subnet-08f5a136852316ab8",
            "assign_ipv6_address_on_creation": false,
            "availability_zone": "us-west-2d",
            "availability_zone_id": "usw2-az4",
            "cidr_block": "10.11.0.0/24",
            "customer_owned_ipv4_pool": "",
            "enable_dns64": false,
            "enable_resource_name_dns_a_record_on_launch": false,
            "enable_resource_name_dns_aaaa_record_on_launch": false,
            "id": "subnet-08f5a136852316ab8",
            "ipv6_cidr_block": "",
            "ipv6_cidr_block_association_id": "",
            "ipv6_native": false,
            "map_customer_owned_ip_on_launch": false,
            "map_public_ip_on_launch": true,
            "outpost_arn": "",
            "owner_id": "809411733541",
            "private_dns_hostname_type_on_launch": "ip-name",
            "tags": {
              "Env": "elastic",
              "Name": "elastic_subnet"
            },
            "tags_all": {
              "Env": "elastic",
              "Name": "elastic_subnet"
            },
            "timeouts": null,
            "vpc_id": "vpc-04e37d00911538062"
          },
          "sensitive_attributes": [],
          "private": "eyJlMmJmYjczMC1lY2FhLTExZTYtOGY4OC0zNDM2M2JjN2M0YzAiOnsiY3JlYXRlIjo2MDAwMDAwMDAwMDAsImRlbGV0ZSI6MTIwMDAwMDAwMDAwMH0sInNjaGVtYV92ZXJzaW9uIjoiMSJ9",
          "dependencies": [
            "aws_vpc.vpc"
          ]
        }
      ]
    },
    {
      "mode": "managed",
      "type": "aws_vpc",
      "name": "vpc",
      "provider": "provider[\"registry.terraform.io/hashicorp/aws\"]",
      "instances": [
        {
          "schema_version": 1,
          "attributes": {
            "arn": "arn:aws:ec2:us-west-2:809411733541:vpc/vpc-04e37d00911538062",
            "assign_generated_ipv6_cidr_block": false,
            "cidr_block": "10.11.0.0/16",
            "default_network_acl_id": "acl-03b863fe61db40490",
            "default_route_table_id": "rtb-0c8c7eedc987f3f4d",
            "default_security_group_id": "sg-006de8bbc0ff8e7cb",
            "dhcp_options_id": "dopt-0ecda2fa4c966f744",
            "enable_classiclink": false,
            "enable_classiclink_dns_support": false,
            "enable_dns_hostnames": false,
            "enable_dns_support": true,
            "id": "vpc-04e37d00911538062",
            "instance_tenancy": "default",
            "ipv4_ipam_pool_id": null,
            "ipv4_netmask_length": null,
            "ipv6_association_id": "",
            "ipv6_cidr_block": "",
            "ipv6_cidr_block_network_border_group": "",
            "ipv6_ipam_pool_id": "",
            "ipv6_netmask_length": 0,
            "main_route_table_id": "rtb-0c8c7eedc987f3f4d",
            "owner_id": "809411733541",
            "tags": {
              "Env": "elastic",
              "Name": "elastic_vpc"
            },
            "tags_all": {
              "Env": "elastic",
              "Name": "elastic_vpc"
            }
          },
          "sensitive_attributes": [],
          "private": "eyJzY2hlbWFfdmVyc2lvbiI6IjEifQ=="
        }
      ]
    }
  ]
}
