{
  "version": 4,
  "terraform_version": "1.1.9",
  "serial": 169,
  "lineage": "e0eb8000-c0cd-fa94-014b-95546413080b",
  "outputs": {
    "public_ip": {
      "value": [
        [
          {
            "VM1": {
              "ami": "ami-0892d3c7ee96c0bf7",
              "arn": "arn:aws:ec2:us-west-2:260601702770:instance/i-01ace9ca6e539bf73",
              "associate_public_ip_address": true,
              "availability_zone": "us-west-2c",
              "capacity_reservation_specification": [
                {
                  "capacity_reservation_preference": "open",
                  "capacity_reservation_target": []
                }
              ],
              "cpu_core_count": 2,
              "cpu_threads_per_core": 1,
              "credit_specification": [
                {
                  "cpu_credits": "standard"
                }
              ],
              "disable_api_termination": false,
              "ebs_block_device": [],
              "ebs_optimized": false,
              "enclave_options": [
                {
                  "enabled": false
                }
              ],
              "ephemeral_block_device": [],
              "get_password_data": false,
              "hibernation": false,
              "host_id": null,
              "iam_instance_profile": "",
              "id": "i-01ace9ca6e539bf73",
              "instance_initiated_shutdown_behavior": "stop",
              "instance_state": "running",
              "instance_type": "t2.medium",
              "ipv6_address_count": 0,
              "ipv6_addresses": [],
              "key_name": "mykey",
              "launch_template": [],
              "metadata_options": [
                {
                  "http_endpoint": "enabled",
                  "http_put_response_hop_limit": 1,
                  "http_tokens": "optional",
                  "instance_metadata_tags": "disabled"
                }
              ],
              "monitoring": false,
              "network_interface": [],
              "outpost_arn": "",
              "password_data": "",
              "placement_group": "",
              "placement_partition_number": null,
              "primary_network_interface_id": "eni-06ff781f6f1b04e15",
              "private_dns": "ip-10-11-0-98.us-west-2.compute.internal",
              "private_ip": "10.11.0.98",
              "public_dns": "",
              "public_ip": "52.41.97.90",
              "root_block_device": [
                {
                  "delete_on_termination": true,
                  "device_name": "/dev/sda1",
                  "encrypted": false,
                  "iops": 100,
                  "kms_key_id": "",
                  "tags": null,
                  "throughput": 0,
                  "volume_id": "vol-0791c518f49f054d3",
                  "volume_size": 25,
                  "volume_type": "gp2"
                }
              ],
              "secondary_private_ips": [],
              "security_groups": [],
              "source_dest_check": true,
              "subnet_id": "subnet-0022b4a6272bf70c3",
              "tags": {
                "Name": "VM1"
              },
              "tags_all": {
                "Name": "VM1"
              },
              "tenancy": "default",
              "timeouts": null,
              "user_data": null,
              "user_data_base64": null,
              "volume_tags": null,
              "vpc_security_group_ids": [
                "sg-088f3ddb6c42ec520"
              ]
            },
            "VM2": {
              "ami": "ami-0892d3c7ee96c0bf7",
              "arn": "arn:aws:ec2:us-west-2:260601702770:instance/i-00f765e908d265586",
              "associate_public_ip_address": true,
              "availability_zone": "us-west-2c",
              "capacity_reservation_specification": [
                {
                  "capacity_reservation_preference": "open",
                  "capacity_reservation_target": []
                }
              ],
              "cpu_core_count": 2,
              "cpu_threads_per_core": 1,
              "credit_specification": [
                {
                  "cpu_credits": "standard"
                }
              ],
              "disable_api_termination": false,
              "ebs_block_device": [],
              "ebs_optimized": false,
              "enclave_options": [
                {
                  "enabled": false
                }
              ],
              "ephemeral_block_device": [],
              "get_password_data": false,
              "hibernation": false,
              "host_id": null,
              "iam_instance_profile": "",
              "id": "i-00f765e908d265586",
              "instance_initiated_shutdown_behavior": "stop",
              "instance_state": "running",
              "instance_type": "t2.medium",
              "ipv6_address_count": 0,
              "ipv6_addresses": [],
              "key_name": "mykey",
              "launch_template": [],
              "metadata_options": [
                {
                  "http_endpoint": "enabled",
                  "http_put_response_hop_limit": 1,
                  "http_tokens": "optional",
                  "instance_metadata_tags": "disabled"
                }
              ],
              "monitoring": false,
              "network_interface": [],
              "outpost_arn": "",
              "password_data": "",
              "placement_group": "",
              "placement_partition_number": null,
              "primary_network_interface_id": "eni-0ede740d9c54484fd",
              "private_dns": "ip-10-11-0-233.us-west-2.compute.internal",
              "private_ip": "10.11.0.233",
              "public_dns": "",
              "public_ip": "34.222.84.191",
              "root_block_device": [
                {
                  "delete_on_termination": true,
                  "device_name": "/dev/sda1",
                  "encrypted": false,
                  "iops": 100,
                  "kms_key_id": "",
                  "tags": null,
                  "throughput": 0,
                  "volume_id": "vol-0873f0c46ded1717f",
                  "volume_size": 25,
                  "volume_type": "gp2"
                }
              ],
              "secondary_private_ips": [],
              "security_groups": [],
              "source_dest_check": true,
              "subnet_id": "subnet-0022b4a6272bf70c3",
              "tags": {
                "Name": "VM2"
              },
              "tags_all": {
                "Name": "VM2"
              },
              "tenancy": "default",
              "timeouts": null,
              "user_data": null,
              "user_data_base64": null,
              "volume_tags": null,
              "vpc_security_group_ids": [
                "sg-088f3ddb6c42ec520"
              ]
            },
            "VM3": {
              "ami": "ami-0892d3c7ee96c0bf7",
              "arn": "arn:aws:ec2:us-west-2:260601702770:instance/i-0e0190118205fcdd7",
              "associate_public_ip_address": true,
              "availability_zone": "us-west-2c",
              "capacity_reservation_specification": [
                {
                  "capacity_reservation_preference": "open",
                  "capacity_reservation_target": []
                }
              ],
              "cpu_core_count": 2,
              "cpu_threads_per_core": 1,
              "credit_specification": [
                {
                  "cpu_credits": "standard"
                }
              ],
              "disable_api_termination": false,
              "ebs_block_device": [],
              "ebs_optimized": false,
              "enclave_options": [
                {
                  "enabled": false
                }
              ],
              "ephemeral_block_device": [],
              "get_password_data": false,
              "hibernation": false,
              "host_id": null,
              "iam_instance_profile": "",
              "id": "i-0e0190118205fcdd7",
              "instance_initiated_shutdown_behavior": "stop",
              "instance_state": "running",
              "instance_type": "t2.medium",
              "ipv6_address_count": 0,
              "ipv6_addresses": [],
              "key_name": "mykey",
              "launch_template": [],
              "metadata_options": [
                {
                  "http_endpoint": "enabled",
                  "http_put_response_hop_limit": 1,
                  "http_tokens": "optional",
                  "instance_metadata_tags": "disabled"
                }
              ],
              "monitoring": false,
              "network_interface": [],
              "outpost_arn": "",
              "password_data": "",
              "placement_group": "",
              "placement_partition_number": null,
              "primary_network_interface_id": "eni-0431effa3836715e5",
              "private_dns": "ip-10-11-0-96.us-west-2.compute.internal",
              "private_ip": "10.11.0.96",
              "public_dns": "",
              "public_ip": "54.186.14.54",
              "root_block_device": [
                {
                  "delete_on_termination": true,
                  "device_name": "/dev/sda1",
                  "encrypted": false,
                  "iops": 100,
                  "kms_key_id": "",
                  "tags": null,
                  "throughput": 0,
                  "volume_id": "vol-0c012c115b31c7f19",
                  "volume_size": 25,
                  "volume_type": "gp2"
                }
              ],
              "secondary_private_ips": [],
              "security_groups": [],
              "source_dest_check": true,
              "subnet_id": "subnet-0022b4a6272bf70c3",
              "tags": {
                "Name": "VM3"
              },
              "tags_all": {
                "Name": "VM3"
              },
              "tenancy": "default",
              "timeouts": null,
              "user_data": null,
              "user_data_base64": null,
              "volume_tags": null,
              "vpc_security_group_ids": [
                "sg-088f3ddb6c42ec520"
              ]
            },
            "VM4": {
              "ami": "ami-0892d3c7ee96c0bf7",
              "arn": "arn:aws:ec2:us-west-2:260601702770:instance/i-07cf47da074e8a2bc",
              "associate_public_ip_address": true,
              "availability_zone": "us-west-2c",
              "capacity_reservation_specification": [
                {
                  "capacity_reservation_preference": "open",
                  "capacity_reservation_target": []
                }
              ],
              "cpu_core_count": 2,
              "cpu_threads_per_core": 1,
              "credit_specification": [
                {
                  "cpu_credits": "standard"
                }
              ],
              "disable_api_termination": false,
              "ebs_block_device": [],
              "ebs_optimized": false,
              "enclave_options": [
                {
                  "enabled": false
                }
              ],
              "ephemeral_block_device": [],
              "get_password_data": false,
              "hibernation": false,
              "host_id": null,
              "iam_instance_profile": "",
              "id": "i-07cf47da074e8a2bc",
              "instance_initiated_shutdown_behavior": "stop",
              "instance_state": "running",
              "instance_type": "t2.medium",
              "ipv6_address_count": 0,
              "ipv6_addresses": [],
              "key_name": "mykey",
              "launch_template": [],
              "metadata_options": [
                {
                  "http_endpoint": "enabled",
                  "http_put_response_hop_limit": 1,
                  "http_tokens": "optional",
                  "instance_metadata_tags": "disabled"
                }
              ],
              "monitoring": false,
              "network_interface": [],
              "outpost_arn": "",
              "password_data": "",
              "placement_group": "",
              "placement_partition_number": null,
              "primary_network_interface_id": "eni-09679e0e12a45a4fa",
              "private_dns": "ip-10-11-0-15.us-west-2.compute.internal",
              "private_ip": "10.11.0.15",
              "public_dns": "",
              "public_ip": "18.237.42.27",
              "root_block_device": [
                {
                  "delete_on_termination": true,
                  "device_name": "/dev/sda1",
                  "encrypted": false,
                  "iops": 100,
                  "kms_key_id": "",
                  "tags": null,
                  "throughput": 0,
                  "volume_id": "vol-026092f5d8833a794",
                  "volume_size": 25,
                  "volume_type": "gp2"
                }
              ],
              "secondary_private_ips": [],
              "security_groups": [],
              "source_dest_check": true,
              "subnet_id": "subnet-0022b4a6272bf70c3",
              "tags": {
                "Name": "VM4"
              },
              "tags_all": {
                "Name": "VM4"
              },
              "tenancy": "default",
              "timeouts": null,
              "user_data": null,
              "user_data_base64": null,
              "volume_tags": null,
              "vpc_security_group_ids": [
                "sg-088f3ddb6c42ec520"
              ]
            },
            "VM5": {
              "ami": "ami-0892d3c7ee96c0bf7",
              "arn": "arn:aws:ec2:us-west-2:260601702770:instance/i-06fe2f9e0ae958393",
              "associate_public_ip_address": true,
              "availability_zone": "us-west-2c",
              "capacity_reservation_specification": [
                {
                  "capacity_reservation_preference": "open",
                  "capacity_reservation_target": []
                }
              ],
              "cpu_core_count": 2,
              "cpu_threads_per_core": 1,
              "credit_specification": [
                {
                  "cpu_credits": "standard"
                }
              ],
              "disable_api_termination": false,
              "ebs_block_device": [],
              "ebs_optimized": false,
              "enclave_options": [
                {
                  "enabled": false
                }
              ],
              "ephemeral_block_device": [],
              "get_password_data": false,
              "hibernation": false,
              "host_id": null,
              "iam_instance_profile": "",
              "id": "i-06fe2f9e0ae958393",
              "instance_initiated_shutdown_behavior": "stop",
              "instance_state": "running",
              "instance_type": "t2.medium",
              "ipv6_address_count": 0,
              "ipv6_addresses": [],
              "key_name": "mykey",
              "launch_template": [],
              "metadata_options": [
                {
                  "http_endpoint": "enabled",
                  "http_put_response_hop_limit": 1,
                  "http_tokens": "optional",
                  "instance_metadata_tags": "disabled"
                }
              ],
              "monitoring": false,
              "network_interface": [],
              "outpost_arn": "",
              "password_data": "",
              "placement_group": "",
              "placement_partition_number": null,
              "primary_network_interface_id": "eni-07018256364fb7f5d",
              "private_dns": "ip-10-11-0-86.us-west-2.compute.internal",
              "private_ip": "10.11.0.86",
              "public_dns": "",
              "public_ip": "18.237.227.113",
              "root_block_device": [
                {
                  "delete_on_termination": true,
                  "device_name": "/dev/sda1",
                  "encrypted": false,
                  "iops": 100,
                  "kms_key_id": "",
                  "tags": null,
                  "throughput": 0,
                  "volume_id": "vol-0aa1cd3d163002d6d",
                  "volume_size": 25,
                  "volume_type": "gp2"
                }
              ],
              "secondary_private_ips": [],
              "security_groups": [],
              "source_dest_check": true,
              "subnet_id": "subnet-0022b4a6272bf70c3",
              "tags": {
                "Name": "VM5"
              },
              "tags_all": {
                "Name": "VM5"
              },
              "tenancy": "default",
              "timeouts": null,
              "user_data": null,
              "user_data_base64": null,
              "volume_tags": null,
              "vpc_security_group_ids": [
                "sg-088f3ddb6c42ec520"
              ]
            }
          }
        ]
      ],
      "type": [
        "tuple",
        [
          [
            "tuple",
            [
              [
                "object",
                {
                  "VM1": [
                    "object",
                    {
                      "ami": "string",
                      "arn": "string",
                      "associate_public_ip_address": "bool",
                      "availability_zone": "string",
                      "capacity_reservation_specification": [
                        "list",
                        [
                          "object",
                          {
                            "capacity_reservation_preference": "string",
                            "capacity_reservation_target": [
                              "list",
                              [
                                "object",
                                {
                                  "capacity_reservation_id": "string"
                                }
                              ]
                            ]
                          }
                        ]
                      ],
                      "cpu_core_count": "number",
                      "cpu_threads_per_core": "number",
                      "credit_specification": [
                        "list",
                        [
                          "object",
                          {
                            "cpu_credits": "string"
                          }
                        ]
                      ],
                      "disable_api_termination": "bool",
                      "ebs_block_device": [
                        "set",
                        [
                          "object",
                          {
                            "delete_on_termination": "bool",
                            "device_name": "string",
                            "encrypted": "bool",
                            "iops": "number",
                            "kms_key_id": "string",
                            "snapshot_id": "string",
                            "tags": [
                              "map",
                              "string"
                            ],
                            "throughput": "number",
                            "volume_id": "string",
                            "volume_size": "number",
                            "volume_type": "string"
                          }
                        ]
                      ],
                      "ebs_optimized": "bool",
                      "enclave_options": [
                        "list",
                        [
                          "object",
                          {
                            "enabled": "bool"
                          }
                        ]
                      ],
                      "ephemeral_block_device": [
                        "set",
                        [
                          "object",
                          {
                            "device_name": "string",
                            "no_device": "bool",
                            "virtual_name": "string"
                          }
                        ]
                      ],
                      "get_password_data": "bool",
                      "hibernation": "bool",
                      "host_id": "string",
                      "iam_instance_profile": "string",
                      "id": "string",
                      "instance_initiated_shutdown_behavior": "string",
                      "instance_state": "string",
                      "instance_type": "string",
                      "ipv6_address_count": "number",
                      "ipv6_addresses": [
                        "list",
                        "string"
                      ],
                      "key_name": "string",
                      "launch_template": [
                        "list",
                        [
                          "object",
                          {
                            "id": "string",
                            "name": "string",
                            "version": "string"
                          }
                        ]
                      ],
                      "metadata_options": [
                        "list",
                        [
                          "object",
                          {
                            "http_endpoint": "string",
                            "http_put_response_hop_limit": "number",
                            "http_tokens": "string",
                            "instance_metadata_tags": "string"
                          }
                        ]
                      ],
                      "monitoring": "bool",
                      "network_interface": [
                        "set",
                        [
                          "object",
                          {
                            "delete_on_termination": "bool",
                            "device_index": "number",
                            "network_interface_id": "string"
                          }
                        ]
                      ],
                      "outpost_arn": "string",
                      "password_data": "string",
                      "placement_group": "string",
                      "placement_partition_number": "number",
                      "primary_network_interface_id": "string",
                      "private_dns": "string",
                      "private_ip": "string",
                      "public_dns": "string",
                      "public_ip": "string",
                      "root_block_device": [
                        "list",
                        [
                          "object",
                          {
                            "delete_on_termination": "bool",
                            "device_name": "string",
                            "encrypted": "bool",
                            "iops": "number",
                            "kms_key_id": "string",
                            "tags": [
                              "map",
                              "string"
                            ],
                            "throughput": "number",
                            "volume_id": "string",
                            "volume_size": "number",
                            "volume_type": "string"
                          }
                        ]
                      ],
                      "secondary_private_ips": [
                        "set",
                        "string"
                      ],
                      "security_groups": [
                        "set",
                        "string"
                      ],
                      "source_dest_check": "bool",
                      "subnet_id": "string",
                      "tags": [
                        "map",
                        "string"
                      ],
                      "tags_all": [
                        "map",
                        "string"
                      ],
                      "tenancy": "string",
                      "timeouts": [
                        "object",
                        {
                          "create": "string",
                          "delete": "string",
                          "update": "string"
                        }
                      ],
                      "user_data": "string",
                      "user_data_base64": "string",
                      "volume_tags": [
                        "map",
                        "string"
                      ],
                      "vpc_security_group_ids": [
                        "set",
                        "string"
                      ]
                    }
                  ],
                  "VM2": [
                    "object",
                    {
                      "ami": "string",
                      "arn": "string",
                      "associate_public_ip_address": "bool",
                      "availability_zone": "string",
                      "capacity_reservation_specification": [
                        "list",
                        [
                          "object",
                          {
                            "capacity_reservation_preference": "string",
                            "capacity_reservation_target": [
                              "list",
                              [
                                "object",
                                {
                                  "capacity_reservation_id": "string"
                                }
                              ]
                            ]
                          }
                        ]
                      ],
                      "cpu_core_count": "number",
                      "cpu_threads_per_core": "number",
                      "credit_specification": [
                        "list",
                        [
                          "object",
                          {
                            "cpu_credits": "string"
                          }
                        ]
                      ],
                      "disable_api_termination": "bool",
                      "ebs_block_device": [
                        "set",
                        [
                          "object",
                          {
                            "delete_on_termination": "bool",
                            "device_name": "string",
                            "encrypted": "bool",
                            "iops": "number",
                            "kms_key_id": "string",
                            "snapshot_id": "string",
                            "tags": [
                              "map",
                              "string"
                            ],
                            "throughput": "number",
                            "volume_id": "string",
                            "volume_size": "number",
                            "volume_type": "string"
                          }
                        ]
                      ],
                      "ebs_optimized": "bool",
                      "enclave_options": [
                        "list",
                        [
                          "object",
                          {
                            "enabled": "bool"
                          }
                        ]
                      ],
                      "ephemeral_block_device": [
                        "set",
                        [
                          "object",
                          {
                            "device_name": "string",
                            "no_device": "bool",
                            "virtual_name": "string"
                          }
                        ]
                      ],
                      "get_password_data": "bool",
                      "hibernation": "bool",
                      "host_id": "string",
                      "iam_instance_profile": "string",
                      "id": "string",
                      "instance_initiated_shutdown_behavior": "string",
                      "instance_state": "string",
                      "instance_type": "string",
                      "ipv6_address_count": "number",
                      "ipv6_addresses": [
                        "list",
                        "string"
                      ],
                      "key_name": "string",
                      "launch_template": [
                        "list",
                        [
                          "object",
                          {
                            "id": "string",
                            "name": "string",
                            "version": "string"
                          }
                        ]
                      ],
                      "metadata_options": [
                        "list",
                        [
                          "object",
                          {
                            "http_endpoint": "string",
                            "http_put_response_hop_limit": "number",
                            "http_tokens": "string",
                            "instance_metadata_tags": "string"
                          }
                        ]
                      ],
                      "monitoring": "bool",
                      "network_interface": [
                        "set",
                        [
                          "object",
                          {
                            "delete_on_termination": "bool",
                            "device_index": "number",
                            "network_interface_id": "string"
                          }
                        ]
                      ],
                      "outpost_arn": "string",
                      "password_data": "string",
                      "placement_group": "string",
                      "placement_partition_number": "number",
                      "primary_network_interface_id": "string",
                      "private_dns": "string",
                      "private_ip": "string",
                      "public_dns": "string",
                      "public_ip": "string",
                      "root_block_device": [
                        "list",
                        [
                          "object",
                          {
                            "delete_on_termination": "bool",
                            "device_name": "string",
                            "encrypted": "bool",
                            "iops": "number",
                            "kms_key_id": "string",
                            "tags": [
                              "map",
                              "string"
                            ],
                            "throughput": "number",
                            "volume_id": "string",
                            "volume_size": "number",
                            "volume_type": "string"
                          }
                        ]
                      ],
                      "secondary_private_ips": [
                        "set",
                        "string"
                      ],
                      "security_groups": [
                        "set",
                        "string"
                      ],
                      "source_dest_check": "bool",
                      "subnet_id": "string",
                      "tags": [
                        "map",
                        "string"
                      ],
                      "tags_all": [
                        "map",
                        "string"
                      ],
                      "tenancy": "string",
                      "timeouts": [
                        "object",
                        {
                          "create": "string",
                          "delete": "string",
                          "update": "string"
                        }
                      ],
                      "user_data": "string",
                      "user_data_base64": "string",
                      "volume_tags": [
                        "map",
                        "string"
                      ],
                      "vpc_security_group_ids": [
                        "set",
                        "string"
                      ]
                    }
                  ],
                  "VM3": [
                    "object",
                    {
                      "ami": "string",
                      "arn": "string",
                      "associate_public_ip_address": "bool",
                      "availability_zone": "string",
                      "capacity_reservation_specification": [
                        "list",
                        [
                          "object",
                          {
                            "capacity_reservation_preference": "string",
                            "capacity_reservation_target": [
                              "list",
                              [
                                "object",
                                {
                                  "capacity_reservation_id": "string"
                                }
                              ]
                            ]
                          }
                        ]
                      ],
                      "cpu_core_count": "number",
                      "cpu_threads_per_core": "number",
                      "credit_specification": [
                        "list",
                        [
                          "object",
                          {
                            "cpu_credits": "string"
                          }
                        ]
                      ],
                      "disable_api_termination": "bool",
                      "ebs_block_device": [
                        "set",
                        [
                          "object",
                          {
                            "delete_on_termination": "bool",
                            "device_name": "string",
                            "encrypted": "bool",
                            "iops": "number",
                            "kms_key_id": "string",
                            "snapshot_id": "string",
                            "tags": [
                              "map",
                              "string"
                            ],
                            "throughput": "number",
                            "volume_id": "string",
                            "volume_size": "number",
                            "volume_type": "string"
                          }
                        ]
                      ],
                      "ebs_optimized": "bool",
                      "enclave_options": [
                        "list",
                        [
                          "object",
                          {
                            "enabled": "bool"
                          }
                        ]
                      ],
                      "ephemeral_block_device": [
                        "set",
                        [
                          "object",
                          {
                            "device_name": "string",
                            "no_device": "bool",
                            "virtual_name": "string"
                          }
                        ]
                      ],
                      "get_password_data": "bool",
                      "hibernation": "bool",
                      "host_id": "string",
                      "iam_instance_profile": "string",
                      "id": "string",
                      "instance_initiated_shutdown_behavior": "string",
                      "instance_state": "string",
                      "instance_type": "string",
                      "ipv6_address_count": "number",
                      "ipv6_addresses": [
                        "list",
                        "string"
                      ],
                      "key_name": "string",
                      "launch_template": [
                        "list",
                        [
                          "object",
                          {
                            "id": "string",
                            "name": "string",
                            "version": "string"
                          }
                        ]
                      ],
                      "metadata_options": [
                        "list",
                        [
                          "object",
                          {
                            "http_endpoint": "string",
                            "http_put_response_hop_limit": "number",
                            "http_tokens": "string",
                            "instance_metadata_tags": "string"
                          }
                        ]
                      ],
                      "monitoring": "bool",
                      "network_interface": [
                        "set",
                        [
                          "object",
                          {
                            "delete_on_termination": "bool",
                            "device_index": "number",
                            "network_interface_id": "string"
                          }
                        ]
                      ],
                      "outpost_arn": "string",
                      "password_data": "string",
                      "placement_group": "string",
                      "placement_partition_number": "number",
                      "primary_network_interface_id": "string",
                      "private_dns": "string",
                      "private_ip": "string",
                      "public_dns": "string",
                      "public_ip": "string",
                      "root_block_device": [
                        "list",
                        [
                          "object",
                          {
                            "delete_on_termination": "bool",
                            "device_name": "string",
                            "encrypted": "bool",
                            "iops": "number",
                            "kms_key_id": "string",
                            "tags": [
                              "map",
                              "string"
                            ],
                            "throughput": "number",
                            "volume_id": "string",
                            "volume_size": "number",
                            "volume_type": "string"
                          }
                        ]
                      ],
                      "secondary_private_ips": [
                        "set",
                        "string"
                      ],
                      "security_groups": [
                        "set",
                        "string"
                      ],
                      "source_dest_check": "bool",
                      "subnet_id": "string",
                      "tags": [
                        "map",
                        "string"
                      ],
                      "tags_all": [
                        "map",
                        "string"
                      ],
                      "tenancy": "string",
                      "timeouts": [
                        "object",
                        {
                          "create": "string",
                          "delete": "string",
                          "update": "string"
                        }
                      ],
                      "user_data": "string",
                      "user_data_base64": "string",
                      "volume_tags": [
                        "map",
                        "string"
                      ],
                      "vpc_security_group_ids": [
                        "set",
                        "string"
                      ]
                    }
                  ],
                  "VM4": [
                    "object",
                    {
                      "ami": "string",
                      "arn": "string",
                      "associate_public_ip_address": "bool",
                      "availability_zone": "string",
                      "capacity_reservation_specification": [
                        "list",
                        [
                          "object",
                          {
                            "capacity_reservation_preference": "string",
                            "capacity_reservation_target": [
                              "list",
                              [
                                "object",
                                {
                                  "capacity_reservation_id": "string"
                                }
                              ]
                            ]
                          }
                        ]
                      ],
                      "cpu_core_count": "number",
                      "cpu_threads_per_core": "number",
                      "credit_specification": [
                        "list",
                        [
                          "object",
                          {
                            "cpu_credits": "string"
                          }
                        ]
                      ],
                      "disable_api_termination": "bool",
                      "ebs_block_device": [
                        "set",
                        [
                          "object",
                          {
                            "delete_on_termination": "bool",
                            "device_name": "string",
                            "encrypted": "bool",
                            "iops": "number",
                            "kms_key_id": "string",
                            "snapshot_id": "string",
                            "tags": [
                              "map",
                              "string"
                            ],
                            "throughput": "number",
                            "volume_id": "string",
                            "volume_size": "number",
                            "volume_type": "string"
                          }
                        ]
                      ],
                      "ebs_optimized": "bool",
                      "enclave_options": [
                        "list",
                        [
                          "object",
                          {
                            "enabled": "bool"
                          }
                        ]
                      ],
                      "ephemeral_block_device": [
                        "set",
                        [
                          "object",
                          {
                            "device_name": "string",
                            "no_device": "bool",
                            "virtual_name": "string"
                          }
                        ]
                      ],
                      "get_password_data": "bool",
                      "hibernation": "bool",
                      "host_id": "string",
                      "iam_instance_profile": "string",
                      "id": "string",
                      "instance_initiated_shutdown_behavior": "string",
                      "instance_state": "string",
                      "instance_type": "string",
                      "ipv6_address_count": "number",
                      "ipv6_addresses": [
                        "list",
                        "string"
                      ],
                      "key_name": "string",
                      "launch_template": [
                        "list",
                        [
                          "object",
                          {
                            "id": "string",
                            "name": "string",
                            "version": "string"
                          }
                        ]
                      ],
                      "metadata_options": [
                        "list",
                        [
                          "object",
                          {
                            "http_endpoint": "string",
                            "http_put_response_hop_limit": "number",
                            "http_tokens": "string",
                            "instance_metadata_tags": "string"
                          }
                        ]
                      ],
                      "monitoring": "bool",
                      "network_interface": [
                        "set",
                        [
                          "object",
                          {
                            "delete_on_termination": "bool",
                            "device_index": "number",
                            "network_interface_id": "string"
                          }
                        ]
                      ],
                      "outpost_arn": "string",
                      "password_data": "string",
                      "placement_group": "string",
                      "placement_partition_number": "number",
                      "primary_network_interface_id": "string",
                      "private_dns": "string",
                      "private_ip": "string",
                      "public_dns": "string",
                      "public_ip": "string",
                      "root_block_device": [
                        "list",
                        [
                          "object",
                          {
                            "delete_on_termination": "bool",
                            "device_name": "string",
                            "encrypted": "bool",
                            "iops": "number",
                            "kms_key_id": "string",
                            "tags": [
                              "map",
                              "string"
                            ],
                            "throughput": "number",
                            "volume_id": "string",
                            "volume_size": "number",
                            "volume_type": "string"
                          }
                        ]
                      ],
                      "secondary_private_ips": [
                        "set",
                        "string"
                      ],
                      "security_groups": [
                        "set",
                        "string"
                      ],
                      "source_dest_check": "bool",
                      "subnet_id": "string",
                      "tags": [
                        "map",
                        "string"
                      ],
                      "tags_all": [
                        "map",
                        "string"
                      ],
                      "tenancy": "string",
                      "timeouts": [
                        "object",
                        {
                          "create": "string",
                          "delete": "string",
                          "update": "string"
                        }
                      ],
                      "user_data": "string",
                      "user_data_base64": "string",
                      "volume_tags": [
                        "map",
                        "string"
                      ],
                      "vpc_security_group_ids": [
                        "set",
                        "string"
                      ]
                    }
                  ],
                  "VM5": [
                    "object",
                    {
                      "ami": "string",
                      "arn": "string",
                      "associate_public_ip_address": "bool",
                      "availability_zone": "string",
                      "capacity_reservation_specification": [
                        "list",
                        [
                          "object",
                          {
                            "capacity_reservation_preference": "string",
                            "capacity_reservation_target": [
                              "list",
                              [
                                "object",
                                {
                                  "capacity_reservation_id": "string"
                                }
                              ]
                            ]
                          }
                        ]
                      ],
                      "cpu_core_count": "number",
                      "cpu_threads_per_core": "number",
                      "credit_specification": [
                        "list",
                        [
                          "object",
                          {
                            "cpu_credits": "string"
                          }
                        ]
                      ],
                      "disable_api_termination": "bool",
                      "ebs_block_device": [
                        "set",
                        [
                          "object",
                          {
                            "delete_on_termination": "bool",
                            "device_name": "string",
                            "encrypted": "bool",
                            "iops": "number",
                            "kms_key_id": "string",
                            "snapshot_id": "string",
                            "tags": [
                              "map",
                              "string"
                            ],
                            "throughput": "number",
                            "volume_id": "string",
                            "volume_size": "number",
                            "volume_type": "string"
                          }
                        ]
                      ],
                      "ebs_optimized": "bool",
                      "enclave_options": [
                        "list",
                        [
                          "object",
                          {
                            "enabled": "bool"
                          }
                        ]
                      ],
                      "ephemeral_block_device": [
                        "set",
                        [
                          "object",
                          {
                            "device_name": "string",
                            "no_device": "bool",
                            "virtual_name": "string"
                          }
                        ]
                      ],
                      "get_password_data": "bool",
                      "hibernation": "bool",
                      "host_id": "string",
                      "iam_instance_profile": "string",
                      "id": "string",
                      "instance_initiated_shutdown_behavior": "string",
                      "instance_state": "string",
                      "instance_type": "string",
                      "ipv6_address_count": "number",
                      "ipv6_addresses": [
                        "list",
                        "string"
                      ],
                      "key_name": "string",
                      "launch_template": [
                        "list",
                        [
                          "object",
                          {
                            "id": "string",
                            "name": "string",
                            "version": "string"
                          }
                        ]
                      ],
                      "metadata_options": [
                        "list",
                        [
                          "object",
                          {
                            "http_endpoint": "string",
                            "http_put_response_hop_limit": "number",
                            "http_tokens": "string",
                            "instance_metadata_tags": "string"
                          }
                        ]
                      ],
                      "monitoring": "bool",
                      "network_interface": [
                        "set",
                        [
                          "object",
                          {
                            "delete_on_termination": "bool",
                            "device_index": "number",
                            "network_interface_id": "string"
                          }
                        ]
                      ],
                      "outpost_arn": "string",
                      "password_data": "string",
                      "placement_group": "string",
                      "placement_partition_number": "number",
                      "primary_network_interface_id": "string",
                      "private_dns": "string",
                      "private_ip": "string",
                      "public_dns": "string",
                      "public_ip": "string",
                      "root_block_device": [
                        "list",
                        [
                          "object",
                          {
                            "delete_on_termination": "bool",
                            "device_name": "string",
                            "encrypted": "bool",
                            "iops": "number",
                            "kms_key_id": "string",
                            "tags": [
                              "map",
                              "string"
                            ],
                            "throughput": "number",
                            "volume_id": "string",
                            "volume_size": "number",
                            "volume_type": "string"
                          }
                        ]
                      ],
                      "secondary_private_ips": [
                        "set",
                        "string"
                      ],
                      "security_groups": [
                        "set",
                        "string"
                      ],
                      "source_dest_check": "bool",
                      "subnet_id": "string",
                      "tags": [
                        "map",
                        "string"
                      ],
                      "tags_all": [
                        "map",
                        "string"
                      ],
                      "tenancy": "string",
                      "timeouts": [
                        "object",
                        {
                          "create": "string",
                          "delete": "string",
                          "update": "string"
                        }
                      ],
                      "user_data": "string",
                      "user_data_base64": "string",
                      "volume_tags": [
                        "map",
                        "string"
                      ],
                      "vpc_security_group_ids": [
                        "set",
                        "string"
                      ]
                    }
                  ]
                }
              ]
            ]
          ]
        ]
      ]
    }
  },
  "resources": [
    {
      "mode": "managed",
      "type": "aws_default_route_table",
      "name": "route_table",
      "provider": "provider[\"registry.terraform.io/hashicorp/aws\"]",
      "instances": [
        {
          "schema_version": 0,
          "attributes": {
            "arn": "arn:aws:ec2:us-west-2:260601702770:route-table/rtb-060a5ec344c98963e",
            "default_route_table_id": "rtb-060a5ec344c98963e",
            "id": "rtb-060a5ec344c98963e",
            "owner_id": "260601702770",
            "propagating_vgws": null,
            "route": [
              {
                "cidr_block": "0.0.0.0/0",
                "destination_prefix_list_id": "",
                "egress_only_gateway_id": "",
                "gateway_id": "igw-0e29846998bb97db7",
                "instance_id": "",
                "ipv6_cidr_block": "",
                "nat_gateway_id": "",
                "network_interface_id": "",
                "transit_gateway_id": "",
                "vpc_endpoint_id": "",
                "vpc_peering_connection_id": ""
              }
            ],
            "tags": {
              "Name": "default route table",
              "env": "elastic"
            },
            "tags_all": {
              "Name": "default route table",
              "env": "elastic"
            },
            "timeouts": null,
            "vpc_id": "vpc-041a459d01b2f9ab2"
          },
          "sensitive_attributes": [],
          "private": "eyJlMmJmYjczMC1lY2FhLTExZTYtOGY4OC0zNDM2M2JjN2M0YzAiOnsiY3JlYXRlIjoxMjAwMDAwMDAwMDAsInVwZGF0ZSI6MTIwMDAwMDAwMDAwfX0=",
          "dependencies": [
            "aws_internet_gateway.gw",
            "aws_vpc.vpc"
          ]
        }
      ]
    },
    {
      "mode": "managed",
      "type": "aws_instance",
      "name": "app_servers",
      "provider": "provider[\"registry.terraform.io/hashicorp/aws\"]",
      "instances": [
        {
          "index_key": "VM1",
          "schema_version": 1,
          "attributes": {
            "ami": "ami-0892d3c7ee96c0bf7",
            "arn": "arn:aws:ec2:us-west-2:260601702770:instance/i-01ace9ca6e539bf73",
            "associate_public_ip_address": true,
            "availability_zone": "us-west-2c",
            "capacity_reservation_specification": [
              {
                "capacity_reservation_preference": "open",
                "capacity_reservation_target": []
              }
            ],
            "cpu_core_count": 2,
            "cpu_threads_per_core": 1,
            "credit_specification": [
              {
                "cpu_credits": "standard"
              }
            ],
            "disable_api_termination": false,
            "ebs_block_device": [],
            "ebs_optimized": false,
            "enclave_options": [
              {
                "enabled": false
              }
            ],
            "ephemeral_block_device": [],
            "get_password_data": false,
            "hibernation": false,
            "host_id": null,
            "iam_instance_profile": "",
            "id": "i-01ace9ca6e539bf73",
            "instance_initiated_shutdown_behavior": "stop",
            "instance_state": "running",
            "instance_type": "t2.medium",
            "ipv6_address_count": 0,
            "ipv6_addresses": [],
            "key_name": "mykey",
            "launch_template": [],
            "metadata_options": [
              {
                "http_endpoint": "enabled",
                "http_put_response_hop_limit": 1,
                "http_tokens": "optional",
                "instance_metadata_tags": "disabled"
              }
            ],
            "monitoring": false,
            "network_interface": [],
            "outpost_arn": "",
            "password_data": "",
            "placement_group": "",
            "placement_partition_number": null,
            "primary_network_interface_id": "eni-06ff781f6f1b04e15",
            "private_dns": "ip-10-11-0-98.us-west-2.compute.internal",
            "private_ip": "10.11.0.98",
            "public_dns": "",
            "public_ip": "52.41.97.90",
            "root_block_device": [
              {
                "delete_on_termination": true,
                "device_name": "/dev/sda1",
                "encrypted": false,
                "iops": 100,
                "kms_key_id": "",
                "tags": null,
                "throughput": 0,
                "volume_id": "vol-0791c518f49f054d3",
                "volume_size": 25,
                "volume_type": "gp2"
              }
            ],
            "secondary_private_ips": [],
            "security_groups": [],
            "source_dest_check": true,
            "subnet_id": "subnet-0022b4a6272bf70c3",
            "tags": {
              "Name": "VM1"
            },
            "tags_all": {
              "Name": "VM1"
            },
            "tenancy": "default",
            "timeouts": null,
            "user_data": null,
            "user_data_base64": null,
            "volume_tags": null,
            "vpc_security_group_ids": [
              "sg-088f3ddb6c42ec520"
            ]
          },
          "sensitive_attributes": [],
          "private": "eyJlMmJmYjczMC1lY2FhLTExZTYtOGY4OC0zNDM2M2JjN2M0YzAiOnsiY3JlYXRlIjo2MDAwMDAwMDAwMDAsImRlbGV0ZSI6MTIwMDAwMDAwMDAwMCwidXBkYXRlIjo2MDAwMDAwMDAwMDB9LCJzY2hlbWFfdmVyc2lvbiI6IjEifQ==",
          "dependencies": [
            "aws_security_group.mysecgroup",
            "aws_subnet.subnet",
            "aws_vpc.vpc"
          ]
        },
        {
          "index_key": "VM2",
          "schema_version": 1,
          "attributes": {
            "ami": "ami-0892d3c7ee96c0bf7",
            "arn": "arn:aws:ec2:us-west-2:260601702770:instance/i-00f765e908d265586",
            "associate_public_ip_address": true,
            "availability_zone": "us-west-2c",
            "capacity_reservation_specification": [
              {
                "capacity_reservation_preference": "open",
                "capacity_reservation_target": []
              }
            ],
            "cpu_core_count": 2,
            "cpu_threads_per_core": 1,
            "credit_specification": [
              {
                "cpu_credits": "standard"
              }
            ],
            "disable_api_termination": false,
            "ebs_block_device": [],
            "ebs_optimized": false,
            "enclave_options": [
              {
                "enabled": false
              }
            ],
            "ephemeral_block_device": [],
            "get_password_data": false,
            "hibernation": false,
            "host_id": null,
            "iam_instance_profile": "",
            "id": "i-00f765e908d265586",
            "instance_initiated_shutdown_behavior": "stop",
            "instance_state": "running",
            "instance_type": "t2.medium",
            "ipv6_address_count": 0,
            "ipv6_addresses": [],
            "key_name": "mykey",
            "launch_template": [],
            "metadata_options": [
              {
                "http_endpoint": "enabled",
                "http_put_response_hop_limit": 1,
                "http_tokens": "optional",
                "instance_metadata_tags": "disabled"
              }
            ],
            "monitoring": false,
            "network_interface": [],
            "outpost_arn": "",
            "password_data": "",
            "placement_group": "",
            "placement_partition_number": null,
            "primary_network_interface_id": "eni-0ede740d9c54484fd",
            "private_dns": "ip-10-11-0-233.us-west-2.compute.internal",
            "private_ip": "10.11.0.233",
            "public_dns": "",
            "public_ip": "34.222.84.191",
            "root_block_device": [
              {
                "delete_on_termination": true,
                "device_name": "/dev/sda1",
                "encrypted": false,
                "iops": 100,
                "kms_key_id": "",
                "tags": null,
                "throughput": 0,
                "volume_id": "vol-0873f0c46ded1717f",
                "volume_size": 25,
                "volume_type": "gp2"
              }
            ],
            "secondary_private_ips": [],
            "security_groups": [],
            "source_dest_check": true,
            "subnet_id": "subnet-0022b4a6272bf70c3",
            "tags": {
              "Name": "VM2"
            },
            "tags_all": {
              "Name": "VM2"
            },
            "tenancy": "default",
            "timeouts": null,
            "user_data": null,
            "user_data_base64": null,
            "volume_tags": null,
            "vpc_security_group_ids": [
              "sg-088f3ddb6c42ec520"
            ]
          },
          "sensitive_attributes": [],
          "private": "eyJlMmJmYjczMC1lY2FhLTExZTYtOGY4OC0zNDM2M2JjN2M0YzAiOnsiY3JlYXRlIjo2MDAwMDAwMDAwMDAsImRlbGV0ZSI6MTIwMDAwMDAwMDAwMCwidXBkYXRlIjo2MDAwMDAwMDAwMDB9LCJzY2hlbWFfdmVyc2lvbiI6IjEifQ==",
          "dependencies": [
            "aws_security_group.mysecgroup",
            "aws_subnet.subnet",
            "aws_vpc.vpc"
          ]
        },
        {
          "index_key": "VM3",
          "schema_version": 1,
          "attributes": {
            "ami": "ami-0892d3c7ee96c0bf7",
            "arn": "arn:aws:ec2:us-west-2:260601702770:instance/i-0e0190118205fcdd7",
            "associate_public_ip_address": true,
            "availability_zone": "us-west-2c",
            "capacity_reservation_specification": [
              {
                "capacity_reservation_preference": "open",
                "capacity_reservation_target": []
              }
            ],
            "cpu_core_count": 2,
            "cpu_threads_per_core": 1,
            "credit_specification": [
              {
                "cpu_credits": "standard"
              }
            ],
            "disable_api_termination": false,
            "ebs_block_device": [],
            "ebs_optimized": false,
            "enclave_options": [
              {
                "enabled": false
              }
            ],
            "ephemeral_block_device": [],
            "get_password_data": false,
            "hibernation": false,
            "host_id": null,
            "iam_instance_profile": "",
            "id": "i-0e0190118205fcdd7",
            "instance_initiated_shutdown_behavior": "stop",
            "instance_state": "running",
            "instance_type": "t2.medium",
            "ipv6_address_count": 0,
            "ipv6_addresses": [],
            "key_name": "mykey",
            "launch_template": [],
            "metadata_options": [
              {
                "http_endpoint": "enabled",
                "http_put_response_hop_limit": 1,
                "http_tokens": "optional",
                "instance_metadata_tags": "disabled"
              }
            ],
            "monitoring": false,
            "network_interface": [],
            "outpost_arn": "",
            "password_data": "",
            "placement_group": "",
            "placement_partition_number": null,
            "primary_network_interface_id": "eni-0431effa3836715e5",
            "private_dns": "ip-10-11-0-96.us-west-2.compute.internal",
            "private_ip": "10.11.0.96",
            "public_dns": "",
            "public_ip": "54.186.14.54",
            "root_block_device": [
              {
                "delete_on_termination": true,
                "device_name": "/dev/sda1",
                "encrypted": false,
                "iops": 100,
                "kms_key_id": "",
                "tags": null,
                "throughput": 0,
                "volume_id": "vol-0c012c115b31c7f19",
                "volume_size": 25,
                "volume_type": "gp2"
              }
            ],
            "secondary_private_ips": [],
            "security_groups": [],
            "source_dest_check": true,
            "subnet_id": "subnet-0022b4a6272bf70c3",
            "tags": {
              "Name": "VM3"
            },
            "tags_all": {
              "Name": "VM3"
            },
            "tenancy": "default",
            "timeouts": null,
            "user_data": null,
            "user_data_base64": null,
            "volume_tags": null,
            "vpc_security_group_ids": [
              "sg-088f3ddb6c42ec520"
            ]
          },
          "sensitive_attributes": [],
          "private": "eyJlMmJmYjczMC1lY2FhLTExZTYtOGY4OC0zNDM2M2JjN2M0YzAiOnsiY3JlYXRlIjo2MDAwMDAwMDAwMDAsImRlbGV0ZSI6MTIwMDAwMDAwMDAwMCwidXBkYXRlIjo2MDAwMDAwMDAwMDB9LCJzY2hlbWFfdmVyc2lvbiI6IjEifQ==",
          "dependencies": [
            "aws_security_group.mysecgroup",
            "aws_subnet.subnet",
            "aws_vpc.vpc"
          ]
        },
        {
          "index_key": "VM4",
          "schema_version": 1,
          "attributes": {
            "ami": "ami-0892d3c7ee96c0bf7",
            "arn": "arn:aws:ec2:us-west-2:260601702770:instance/i-07cf47da074e8a2bc",
            "associate_public_ip_address": true,
            "availability_zone": "us-west-2c",
            "capacity_reservation_specification": [
              {
                "capacity_reservation_preference": "open",
                "capacity_reservation_target": []
              }
            ],
            "cpu_core_count": 2,
            "cpu_threads_per_core": 1,
            "credit_specification": [
              {
                "cpu_credits": "standard"
              }
            ],
            "disable_api_termination": false,
            "ebs_block_device": [],
            "ebs_optimized": false,
            "enclave_options": [
              {
                "enabled": false
              }
            ],
            "ephemeral_block_device": [],
            "get_password_data": false,
            "hibernation": false,
            "host_id": null,
            "iam_instance_profile": "",
            "id": "i-07cf47da074e8a2bc",
            "instance_initiated_shutdown_behavior": "stop",
            "instance_state": "running",
            "instance_type": "t2.medium",
            "ipv6_address_count": 0,
            "ipv6_addresses": [],
            "key_name": "mykey",
            "launch_template": [],
            "metadata_options": [
              {
                "http_endpoint": "enabled",
                "http_put_response_hop_limit": 1,
                "http_tokens": "optional",
                "instance_metadata_tags": "disabled"
              }
            ],
            "monitoring": false,
            "network_interface": [],
            "outpost_arn": "",
            "password_data": "",
            "placement_group": "",
            "placement_partition_number": null,
            "primary_network_interface_id": "eni-09679e0e12a45a4fa",
            "private_dns": "ip-10-11-0-15.us-west-2.compute.internal",
            "private_ip": "10.11.0.15",
            "public_dns": "",
            "public_ip": "18.237.42.27",
            "root_block_device": [
              {
                "delete_on_termination": true,
                "device_name": "/dev/sda1",
                "encrypted": false,
                "iops": 100,
                "kms_key_id": "",
                "tags": null,
                "throughput": 0,
                "volume_id": "vol-026092f5d8833a794",
                "volume_size": 25,
                "volume_type": "gp2"
              }
            ],
            "secondary_private_ips": [],
            "security_groups": [],
            "source_dest_check": true,
            "subnet_id": "subnet-0022b4a6272bf70c3",
            "tags": {
              "Name": "VM4"
            },
            "tags_all": {
              "Name": "VM4"
            },
            "tenancy": "default",
            "timeouts": null,
            "user_data": null,
            "user_data_base64": null,
            "volume_tags": null,
            "vpc_security_group_ids": [
              "sg-088f3ddb6c42ec520"
            ]
          },
          "sensitive_attributes": [],
          "private": "eyJlMmJmYjczMC1lY2FhLTExZTYtOGY4OC0zNDM2M2JjN2M0YzAiOnsiY3JlYXRlIjo2MDAwMDAwMDAwMDAsImRlbGV0ZSI6MTIwMDAwMDAwMDAwMCwidXBkYXRlIjo2MDAwMDAwMDAwMDB9LCJzY2hlbWFfdmVyc2lvbiI6IjEifQ==",
          "dependencies": [
            "aws_security_group.mysecgroup",
            "aws_subnet.subnet",
            "aws_vpc.vpc"
          ]
        },
        {
          "index_key": "VM5",
          "schema_version": 1,
          "attributes": {
            "ami": "ami-0892d3c7ee96c0bf7",
            "arn": "arn:aws:ec2:us-west-2:260601702770:instance/i-06fe2f9e0ae958393",
            "associate_public_ip_address": true,
            "availability_zone": "us-west-2c",
            "capacity_reservation_specification": [
              {
                "capacity_reservation_preference": "open",
                "capacity_reservation_target": []
              }
            ],
            "cpu_core_count": 2,
            "cpu_threads_per_core": 1,
            "credit_specification": [
              {
                "cpu_credits": "standard"
              }
            ],
            "disable_api_termination": false,
            "ebs_block_device": [],
            "ebs_optimized": false,
            "enclave_options": [
              {
                "enabled": false
              }
            ],
            "ephemeral_block_device": [],
            "get_password_data": false,
            "hibernation": false,
            "host_id": null,
            "iam_instance_profile": "",
            "id": "i-06fe2f9e0ae958393",
            "instance_initiated_shutdown_behavior": "stop",
            "instance_state": "running",
            "instance_type": "t2.medium",
            "ipv6_address_count": 0,
            "ipv6_addresses": [],
            "key_name": "mykey",
            "launch_template": [],
            "metadata_options": [
              {
                "http_endpoint": "enabled",
                "http_put_response_hop_limit": 1,
                "http_tokens": "optional",
                "instance_metadata_tags": "disabled"
              }
            ],
            "monitoring": false,
            "network_interface": [],
            "outpost_arn": "",
            "password_data": "",
            "placement_group": "",
            "placement_partition_number": null,
            "primary_network_interface_id": "eni-07018256364fb7f5d",
            "private_dns": "ip-10-11-0-86.us-west-2.compute.internal",
            "private_ip": "10.11.0.86",
            "public_dns": "",
            "public_ip": "18.237.227.113",
            "root_block_device": [
              {
                "delete_on_termination": true,
                "device_name": "/dev/sda1",
                "encrypted": false,
                "iops": 100,
                "kms_key_id": "",
                "tags": null,
                "throughput": 0,
                "volume_id": "vol-0aa1cd3d163002d6d",
                "volume_size": 25,
                "volume_type": "gp2"
              }
            ],
            "secondary_private_ips": [],
            "security_groups": [],
            "source_dest_check": true,
            "subnet_id": "subnet-0022b4a6272bf70c3",
            "tags": {
              "Name": "VM5"
            },
            "tags_all": {
              "Name": "VM5"
            },
            "tenancy": "default",
            "timeouts": null,
            "user_data": null,
            "user_data_base64": null,
            "volume_tags": null,
            "vpc_security_group_ids": [
              "sg-088f3ddb6c42ec520"
            ]
          },
          "sensitive_attributes": [],
          "private": "eyJlMmJmYjczMC1lY2FhLTExZTYtOGY4OC0zNDM2M2JjN2M0YzAiOnsiY3JlYXRlIjo2MDAwMDAwMDAwMDAsImRlbGV0ZSI6MTIwMDAwMDAwMDAwMCwidXBkYXRlIjo2MDAwMDAwMDAwMDB9LCJzY2hlbWFfdmVyc2lvbiI6IjEifQ==",
          "dependencies": [
            "aws_security_group.mysecgroup",
            "aws_subnet.subnet",
            "aws_vpc.vpc"
          ]
        }
      ]
    },
    {
      "mode": "managed",
      "type": "aws_internet_gateway",
      "name": "gw",
      "provider": "provider[\"registry.terraform.io/hashicorp/aws\"]",
      "instances": [
        {
          "schema_version": 0,
          "attributes": {
            "arn": "arn:aws:ec2:us-west-2:260601702770:internet-gateway/igw-0e29846998bb97db7",
            "id": "igw-0e29846998bb97db7",
            "owner_id": "260601702770",
            "tags": {
              "Env": "elastic",
              "Name": "elastic_gw"
            },
            "tags_all": {
              "Env": "elastic",
              "Name": "elastic_gw"
            },
            "vpc_id": "vpc-041a459d01b2f9ab2"
          },
          "sensitive_attributes": [],
          "private": "bnVsbA==",
          "dependencies": [
            "aws_vpc.vpc"
          ]
        }
      ]
    },
    {
      "mode": "managed",
      "type": "aws_key_pair",
      "name": "mykey",
      "provider": "provider[\"registry.terraform.io/hashicorp/aws\"]",
      "instances": [
        {
          "schema_version": 1,
          "attributes": {
            "arn": "arn:aws:ec2:us-west-2:260601702770:key-pair/mykey",
            "fingerprint": "d5:c2:c8:0f:9a:4b:17:1b:4c:32:bd:59:98:6c:c0:bf",
            "id": "mykey",
            "key_name": "mykey",
            "key_name_prefix": "",
            "key_pair_id": "key-0a3b38516af6f3cf6",
            "public_key": "ssh-rsa AAAAB3NzaC1yc2EAAAADAQABAAABAQC2IBlB12yWzdoW0LHdjl97W7Me7v+aLUio7WxS2ZnK1C6gJmedRcQryK5JVZchwenErTx7AwvEvdNhCk+FGhjTBuAydlI/tPqg0N0ymueuimdky7Pbj9gIwMv7Ae2zVje0Svv0PflUUI0jvDzRZfoiq8XZ4qBhLJkMY32BLEp2GtfkAYrU8f2gn+uNMICOumEJ7q+8o8cxssn+O+/2BW7Yn2Wu9oBx94wqxnhWIxnZc6kU7Qs4vAG8FJdtNwqI9U96bmNDp+1Pnx/zUgVDo+aGuSna3FAztpzxN95/8Hydm0Ua13t0fI6nFRoFzSKNkOy8VUkRGKSdWXyVEJUgKhZR gainutdinov@atlas.ru",
            "tags": null,
            "tags_all": {}
          },
          "sensitive_attributes": [],
          "private": "eyJzY2hlbWFfdmVyc2lvbiI6IjEifQ=="
        }
      ]
    },
    {
      "mode": "managed",
      "type": "aws_security_group",
      "name": "mysecgroup",
      "provider": "provider[\"registry.terraform.io/hashicorp/aws\"]",
      "instances": [
        {
          "schema_version": 1,
          "attributes": {
            "arn": "arn:aws:ec2:us-west-2:260601702770:security-group/sg-088f3ddb6c42ec520",
            "description": "Managed by Terraform",
            "egress": [
              {
                "cidr_blocks": [
                  "0.0.0.0/0"
                ],
                "description": "",
                "from_port": 0,
                "ipv6_cidr_blocks": [],
                "prefix_list_ids": [],
                "protocol": "-1",
                "security_groups": [],
                "self": false,
                "to_port": 0
              }
            ],
            "id": "sg-088f3ddb6c42ec520",
            "ingress": [
              {
                "cidr_blocks": [
                  "0.0.0.0/0"
                ],
                "description": "",
                "from_port": 22,
                "ipv6_cidr_blocks": [],
                "prefix_list_ids": [],
                "protocol": "tcp",
                "security_groups": [],
                "self": false,
                "to_port": 22
              },
              {
                "cidr_blocks": [
                  "0.0.0.0/0"
                ],
                "description": "",
                "from_port": 5601,
                "ipv6_cidr_blocks": [],
                "prefix_list_ids": [],
                "protocol": "tcp",
                "security_groups": [],
                "self": false,
                "to_port": 5601
              },
              {
                "cidr_blocks": [
                  "0.0.0.0/0"
                ],
                "description": "",
                "from_port": 80,
                "ipv6_cidr_blocks": [],
                "prefix_list_ids": [],
                "protocol": "tcp",
                "security_groups": [],
                "self": false,
                "to_port": 80
              },
              {
                "cidr_blocks": [
                  "0.0.0.0/0"
                ],
                "description": "",
                "from_port": 9200,
                "ipv6_cidr_blocks": [],
                "prefix_list_ids": [],
                "protocol": "tcp",
                "security_groups": [],
                "self": false,
                "to_port": 9200
              }
            ],
            "name": "terraform-20220424144640202000000001",
            "name_prefix": "terraform-",
            "owner_id": "260601702770",
            "revoke_rules_on_delete": false,
            "tags": null,
            "tags_all": {},
            "timeouts": null,
            "vpc_id": "vpc-041a459d01b2f9ab2"
          },
          "sensitive_attributes": [],
          "private": "eyJlMmJmYjczMC1lY2FhLTExZTYtOGY4OC0zNDM2M2JjN2M0YzAiOnsiY3JlYXRlIjo2MDAwMDAwMDAwMDAsImRlbGV0ZSI6OTAwMDAwMDAwMDAwfSwic2NoZW1hX3ZlcnNpb24iOiIxIn0=",
          "dependencies": [
            "aws_vpc.vpc"
          ]
        }
      ]
    },
    {
      "mode": "managed",
      "type": "aws_subnet",
      "name": "subnet",
      "provider": "provider[\"registry.terraform.io/hashicorp/aws\"]",
      "instances": [
        {
          "schema_version": 1,
          "attributes": {
            "arn": "arn:aws:ec2:us-west-2:260601702770:subnet/subnet-0022b4a6272bf70c3",
            "assign_ipv6_address_on_creation": false,
            "availability_zone": "us-west-2c",
            "availability_zone_id": "usw2-az3",
            "cidr_block": "10.11.0.0/24",
            "customer_owned_ipv4_pool": "",
            "enable_dns64": false,
            "enable_resource_name_dns_a_record_on_launch": false,
            "enable_resource_name_dns_aaaa_record_on_launch": false,
            "id": "subnet-0022b4a6272bf70c3",
            "ipv6_cidr_block": "",
            "ipv6_cidr_block_association_id": "",
            "ipv6_native": false,
            "map_customer_owned_ip_on_launch": false,
            "map_public_ip_on_launch": true,
            "outpost_arn": "",
            "owner_id": "260601702770",
            "private_dns_hostname_type_on_launch": "ip-name",
            "tags": {
              "Env": "elastic",
              "Name": "elastic_subnet"
            },
            "tags_all": {
              "Env": "elastic",
              "Name": "elastic_subnet"
            },
            "timeouts": null,
            "vpc_id": "vpc-041a459d01b2f9ab2"
          },
          "sensitive_attributes": [],
          "private": "eyJlMmJmYjczMC1lY2FhLTExZTYtOGY4OC0zNDM2M2JjN2M0YzAiOnsiY3JlYXRlIjo2MDAwMDAwMDAwMDAsImRlbGV0ZSI6MTIwMDAwMDAwMDAwMH0sInNjaGVtYV92ZXJzaW9uIjoiMSJ9",
          "dependencies": [
            "aws_vpc.vpc"
          ]
        }
      ]
    },
    {
      "mode": "managed",
      "type": "aws_vpc",
      "name": "vpc",
      "provider": "provider[\"registry.terraform.io/hashicorp/aws\"]",
      "instances": [
        {
          "schema_version": 1,
          "attributes": {
            "arn": "arn:aws:ec2:us-west-2:260601702770:vpc/vpc-041a459d01b2f9ab2",
            "assign_generated_ipv6_cidr_block": false,
            "cidr_block": "10.11.0.0/16",
            "default_network_acl_id": "acl-08d4599b4b860e83e",
            "default_route_table_id": "rtb-060a5ec344c98963e",
            "default_security_group_id": "sg-0601677aa3f752e71",
            "dhcp_options_id": "dopt-0abb8199313ffc013",
            "enable_classiclink": false,
            "enable_classiclink_dns_support": false,
            "enable_dns_hostnames": false,
            "enable_dns_support": true,
            "id": "vpc-041a459d01b2f9ab2",
            "instance_tenancy": "default",
            "ipv4_ipam_pool_id": null,
            "ipv4_netmask_length": null,
            "ipv6_association_id": "",
            "ipv6_cidr_block": "",
            "ipv6_cidr_block_network_border_group": "",
            "ipv6_ipam_pool_id": "",
            "ipv6_netmask_length": 0,
            "main_route_table_id": "rtb-060a5ec344c98963e",
            "owner_id": "260601702770",
            "tags": {
              "Env": "elastic",
              "Name": "elastic_vpc"
            },
            "tags_all": {
              "Env": "elastic",
              "Name": "elastic_vpc"
            }
          },
          "sensitive_attributes": [],
          "private": "eyJzY2hlbWFfdmVyc2lvbiI6IjEifQ=="
        }
      ]
    }
  ]
}
