{
  "version": 4,
  "terraform_version": "0.14.6",
  "serial": 5,
  "lineage": "2715d182-7d11-b9ef-87a9-ce78f612e86a",
  "outputs": {},
  "resources": [
    {
      "mode": "data",
      "type": "digitalocean_ssh_key",
      "name": "mentorsKey",
      "provider": "provider[\"registry.terraform.io/digitalocean/digitalocean\"]",
      "instances": [
        {
          "schema_version": 0,
          "attributes": {
            "fingerprint": "95:23:66:57:56:2e:5a:47:85:fb:86:73:ca:b5:90:e7",
            "id": 32213896,
            "name": "REBRAIN.SSH.PUB.KEY",
            "public_key": "ssh-rsa AAAAB3NzaC1yc2EAAAADAQABAAABAQDNm4pL78YE6j9FTD6lGPzGIXl94q2118orskmYoSfr5qzZspXhhLlMu2Y9R20/8KVns1T8j9Q/fb9X33MtjuPRoNmz5LPIqoIYblbujdFqt+5vpz2YbfHPEBC5GrN2XHw4wFzyXCki5DaYC6Ktj2brJGUJomrIc2hwzK+wV2ncGLZv73E1+sDUdGuuLFeU60lvrK6fp03KN3Dyouc61RDPmG81omA5obcf4jBdA6FjoOpVq64XYqR0kzUhM2DXKsnagfkV9oFBfDdz3U+JZRz7ubR4iPtojq5LyQE8Ah3q2CDPxrEBKkJbglRoPBRQ0NGtyNH83HfIPZctkLMx8ja3"
          },
          "sensitive_attributes": []
        }
      ]
    },
    {
      "mode": "data",
      "type": "digitalocean_ssh_key",
      "name": "myKey",
      "provider": "provider[\"registry.terraform.io/digitalocean/digitalocean\"]",
      "instances": [
        {
          "schema_version": 0,
          "attributes": {
            "fingerprint": "c5:25:8e:3c:d7:85:b6:d3:a4:c3:cf:aa:44:22:c0:9b",
            "id": 32772665,
            "name": "mgainutdinov",
            "public_key": "ssh-rsa AAAAB3NzaC1yc2EAAAADAQABAAABAQC2IBlB12yWzdoW0LHdjl97W7Me7v+aLUio7WxS2ZnK1C6gJmedRcQryK5JVZchwenErTx7AwvEvdNhCk+FGhjTBuAydlI/tPqg0N0ymueuimdky7Pbj9gIwMv7Ae2zVje0Svv0PflUUI0jvDzRZfoiq8XZ4qBhLJkMY32BLEp2GtfkAYrU8f2gn+uNMICOumEJ7q+8o8cxssn+O+/2BW7Yn2Wu9oBx94wqxnhWIxnZc6kU7Qs4vAG8FJdtNwqI9U96bmNDp+1Pnx/zUgVDo+aGuSna3FAztpzxN95/8Hydm0Ua13t0fI6nFRoFzSKNkOy8VUkRGKSdWXyVEJUgKhZR mgaynutdinov@mgaynutidnov-pc"
          },
          "sensitive_attributes": []
        }
      ]
    },
    {
      "mode": "managed",
      "type": "digitalocean_droplet",
      "name": "db-01",
      "provider": "provider[\"registry.terraform.io/digitalocean/digitalocean\"]",
      "instances": [
        {
          "schema_version": 1,
          "attributes": {
            "backups": false,
            "created_at": "2021-12-29T10:27:23Z",
            "disk": 50,
            "droplet_agent": null,
            "graceful_shutdown": false,
            "id": "279814845",
            "image": "ubuntu-20-04-x64",
            "ipv4_address": "68.183.220.9",
            "ipv4_address_private": "10.135.0.35",
            "ipv6": false,
            "ipv6_address": "",
            "locked": false,
            "memory": 2048,
            "monitoring": false,
            "name": "db-01",
            "price_hourly": 0.01488,
            "price_monthly": 10,
            "private_networking": true,
            "region": "fra1",
            "resize_disk": true,
            "size": "s-1vcpu-2gb",
            "ssh_keys": [
              "32213896",
              "32772665"
            ],
            "status": "active",
            "tags": [
              "linux_ansible",
              "m_gaynutdinov_at_mail_ru"
            ],
            "urn": "do:droplet:279814845",
            "user_data": null,
            "vcpus": 1,
            "volume_ids": [],
            "vpc_uuid": "e40e6761-b906-44de-8749-3535d086fcc7"
          },
          "sensitive_attributes": [],
          "private": "eyJzY2hlbWFfdmVyc2lvbiI6IjEifQ==",
          "dependencies": [
            "data.digitalocean_ssh_key.mentorsKey",
            "data.digitalocean_ssh_key.myKey"
          ]
        }
      ]
    },
    {
      "mode": "managed",
      "type": "digitalocean_droplet",
      "name": "db-02",
      "provider": "provider[\"registry.terraform.io/digitalocean/digitalocean\"]",
      "instances": [
        {
          "schema_version": 1,
          "attributes": {
            "backups": false,
            "created_at": "2021-12-29T10:27:23Z",
            "disk": 50,
            "droplet_agent": null,
            "graceful_shutdown": false,
            "id": "279814844",
            "image": "ubuntu-20-04-x64",
            "ipv4_address": "68.183.216.147",
            "ipv4_address_private": "10.135.0.34",
            "ipv6": false,
            "ipv6_address": "",
            "locked": false,
            "memory": 2048,
            "monitoring": false,
            "name": "db-02",
            "price_hourly": 0.01488,
            "price_monthly": 10,
            "private_networking": true,
            "region": "fra1",
            "resize_disk": true,
            "size": "s-1vcpu-2gb",
            "ssh_keys": [
              "32213896",
              "32772665"
            ],
            "status": "active",
            "tags": [
              "linux_ansible",
              "m_gaynutdinov_at_mail_ru"
            ],
            "urn": "do:droplet:279814844",
            "user_data": null,
            "vcpus": 1,
            "volume_ids": [],
            "vpc_uuid": "e40e6761-b906-44de-8749-3535d086fcc7"
          },
          "sensitive_attributes": [],
          "private": "eyJzY2hlbWFfdmVyc2lvbiI6IjEifQ==",
          "dependencies": [
            "data.digitalocean_ssh_key.mentorsKey",
            "data.digitalocean_ssh_key.myKey"
          ]
        }
      ]
    },
    {
      "mode": "managed",
      "type": "digitalocean_droplet",
      "name": "web-01",
      "provider": "provider[\"registry.terraform.io/digitalocean/digitalocean\"]",
      "instances": [
        {
          "schema_version": 1,
          "attributes": {
            "backups": false,
            "created_at": "2021-12-29T10:27:23Z",
            "disk": 50,
            "droplet_agent": null,
            "graceful_shutdown": false,
            "id": "279814843",
            "image": "ubuntu-20-04-x64",
            "ipv4_address": "157.230.102.129",
            "ipv4_address_private": "10.135.0.37",
            "ipv6": false,
            "ipv6_address": "",
            "locked": false,
            "memory": 2048,
            "monitoring": false,
            "name": "web-01",
            "price_hourly": 0.01488,
            "price_monthly": 10,
            "private_networking": true,
            "region": "fra1",
            "resize_disk": true,
            "size": "s-1vcpu-2gb",
            "ssh_keys": [
              "32213896",
              "32772665"
            ],
            "status": "active",
            "tags": [
              "linux_ansible",
              "m_gaynutdinov_at_mail_ru"
            ],
            "urn": "do:droplet:279814843",
            "user_data": null,
            "vcpus": 1,
            "volume_ids": [],
            "vpc_uuid": "e40e6761-b906-44de-8749-3535d086fcc7"
          },
          "sensitive_attributes": [],
          "private": "eyJzY2hlbWFfdmVyc2lvbiI6IjEifQ==",
          "dependencies": [
            "data.digitalocean_ssh_key.mentorsKey",
            "data.digitalocean_ssh_key.myKey"
          ]
        }
      ]
    },
    {
      "mode": "managed",
      "type": "digitalocean_droplet",
      "name": "web-02",
      "provider": "provider[\"registry.terraform.io/digitalocean/digitalocean\"]",
      "instances": [
        {
          "schema_version": 1,
          "attributes": {
            "backups": false,
            "created_at": "2021-12-29T10:27:23Z",
            "disk": 50,
            "droplet_agent": null,
            "graceful_shutdown": false,
            "id": "279814842",
            "image": "ubuntu-20-04-x64",
            "ipv4_address": "68.183.221.137",
            "ipv4_address_private": "10.135.0.36",
            "ipv6": false,
            "ipv6_address": "",
            "locked": false,
            "memory": 2048,
            "monitoring": false,
            "name": "web-02",
            "price_hourly": 0.01488,
            "price_monthly": 10,
            "private_networking": true,
            "region": "fra1",
            "resize_disk": true,
            "size": "s-1vcpu-2gb",
            "ssh_keys": [
              "32213896",
              "32772665"
            ],
            "status": "active",
            "tags": [
              "linux_ansible",
              "m_gaynutdinov_at_mail_ru"
            ],
            "urn": "do:droplet:279814842",
            "user_data": null,
            "vcpus": 1,
            "volume_ids": [],
            "vpc_uuid": "e40e6761-b906-44de-8749-3535d086fcc7"
          },
          "sensitive_attributes": [],
          "private": "eyJzY2hlbWFfdmVyc2lvbiI6IjEifQ==",
          "dependencies": [
            "data.digitalocean_ssh_key.mentorsKey",
            "data.digitalocean_ssh_key.myKey"
          ]
        }
      ]
    }
  ]
}
